<?xml version="1.0" encoding="UTF-8"?>
<!DOCTYPE plist PUBLIC "-//Apple//DTD PLIST 1.0//EN" "http://www.apple.com/DTDs/PropertyList-1.0.dtd">
<plist version="1.0">
<dict>
	<key>archiveVersion</key>
	<string>1</string>
	<key>classes</key>
	<dict/>
	<key>objectVersion</key>
	<string>46</string>
	<key>objects</key>
	<dict>
		<key>1E0A05D00306112B07A1AAEA</key>
		<dict>
			<key>includeInIndex</key>
			<string>1</string>
			<key>isa</key>
			<string>PBXFileReference</string>
			<key>lastKnownFileType</key>
			<string>text.xcconfig</string>
			<key>name</key>
			<string>Pods.release.xcconfig</string>
			<key>path</key>
			<string>Pods/Target Support Files/Pods/Pods.release.xcconfig</string>
			<key>sourceTree</key>
			<string>&lt;group&gt;</string>
		</dict>
		<key>254EB093935DAF364917F069</key>
		<dict>
			<key>buildActionMask</key>
			<string>2147483647</string>
			<key>files</key>
			<array/>
			<key>inputPaths</key>
			<array/>
			<key>isa</key>
			<string>PBXShellScriptBuildPhase</string>
			<key>name</key>
			<string>Check Pods Manifest.lock</string>
			<key>outputPaths</key>
			<array/>
			<key>runOnlyForDeploymentPostprocessing</key>
			<string>0</string>
			<key>shellPath</key>
			<string>/bin/sh</string>
			<key>shellScript</key>
			<string>diff "${PODS_ROOT}/../Podfile.lock" "${PODS_ROOT}/Manifest.lock" &gt; /dev/null
if [[ $? != 0 ]] ; then
    cat &lt;&lt; EOM
error: The sandbox is not in sync with the Podfile.lock. Run 'pod install' or update your CocoaPods installation.
EOM
    exit 1
fi
</string>
			<key>showEnvVarsInLog</key>
			<string>0</string>
		</dict>
		<key>373C206B6A43A73E593C5CD8</key>
		<dict>
			<key>fileEncoding</key>
			<string>4</string>
			<key>isa</key>
			<string>PBXFileReference</string>
			<key>lastKnownFileType</key>
			<string>sourcecode.c.objc</string>
			<key>path</key>
			<string>UDNsdAdvertiser.m</string>
			<key>sourceTree</key>
			<string>&lt;group&gt;</string>
		</dict>
		<key>373C217E5BA05C9ACD8C3CA1</key>
		<dict>
			<key>fileRef</key>
			<string>373C24894221C1C5A90F07F6</string>
			<key>isa</key>
			<string>PBXBuildFile</string>
		</dict>
		<key>373C222D5E588991176D437D</key>
		<dict>
			<key>fileEncoding</key>
			<string>4</string>
			<key>isa</key>
			<string>PBXFileReference</string>
			<key>lastKnownFileType</key>
			<string>sourcecode.c.objc</string>
			<key>path</key>
			<string>UDNsdBrowser.m</string>
			<key>sourceTree</key>
			<string>&lt;group&gt;</string>
		</dict>
		<key>373C24894221C1C5A90F07F6</key>
		<dict>
			<key>fileEncoding</key>
			<string>4</string>
			<key>isa</key>
			<string>PBXFileReference</string>
			<key>lastKnownFileType</key>
			<string>sourcecode.c.h</string>
			<key>path</key>
			<string>UDNsdAdapter.h</string>
			<key>sourceTree</key>
			<string>&lt;group&gt;</string>
		</dict>
		<key>373C24F8F2B23BAC5F598C11</key>
		<dict>
			<key>fileRef</key>
			<string>373C2B9DBAEAB335CFFFAEC6</string>
			<key>isa</key>
			<string>PBXBuildFile</string>
		</dict>
		<key>373C266D1B9178E5540EC653</key>
		<dict>
			<key>fileEncoding</key>
			<string>4</string>
			<key>isa</key>
			<string>PBXFileReference</string>
			<key>lastKnownFileType</key>
			<string>sourcecode.c.h</string>
			<key>path</key>
			<string>UDNsdBrowser.h</string>
			<key>sourceTree</key>
			<string>&lt;group&gt;</string>
		</dict>
		<key>373C266D77B188D618829782</key>
		<dict>
			<key>children</key>
			<array>
				<string>D5C7DA2F1BA5A525009DDD00</string>
				<string>D5C7DA301BA5A525009DDD00</string>
				<string>373C24894221C1C5A90F07F6</string>
				<string>373C2B9DBAEAB335CFFFAEC6</string>
				<string>D559CCCE1BA462C80057CF17</string>
				<string>D559CCCC1BA462B90057CF17</string>
				<string>D559CCC81BA3256E0057CF17</string>
				<string>D559CCC91BA3256E0057CF17</string>
				<string>373C266D1B9178E5540EC653</string>
				<string>373C222D5E588991176D437D</string>
				<string>373C28A8E8DB3E86AD2FDC6C</string>
				<string>373C206B6A43A73E593C5CD8</string>
				<string>373C2F98CBCA65F3234B3A3C</string>
				<string>373C2967D01997B3D20222FB</string>
			</array>
			<key>isa</key>
			<string>PBXGroup</string>
			<key>name</key>
			<string>Nsd</string>
			<key>sourceTree</key>
			<string>&lt;group&gt;</string>
		</dict>
		<key>373C283730F845BF75B511A0</key>
		<dict>
			<key>fileRef</key>
			<string>373C222D5E588991176D437D</string>
			<key>isa</key>
			<string>PBXBuildFile</string>
		</dict>
		<key>373C28A8E8DB3E86AD2FDC6C</key>
		<dict>
			<key>fileEncoding</key>
			<string>4</string>
			<key>isa</key>
			<string>PBXFileReference</string>
			<key>lastKnownFileType</key>
			<string>sourcecode.c.h</string>
			<key>path</key>
			<string>UDNsdAdvertiser.h</string>
			<key>sourceTree</key>
			<string>&lt;group&gt;</string>
		</dict>
		<key>373C2967D01997B3D20222FB</key>
		<dict>
			<key>fileEncoding</key>
			<string>4</string>
			<key>isa</key>
			<string>PBXFileReference</string>
			<key>lastKnownFileType</key>
			<string>sourcecode.c.objc</string>
			<key>path</key>
			<string>UDNsdServer.m</string>
			<key>sourceTree</key>
			<string>&lt;group&gt;</string>
		</dict>
		<key>373C2980A17274938C7679C9</key>
		<dict>
			<key>fileRef</key>
			<string>373C266D1B9178E5540EC653</string>
			<key>isa</key>
			<string>PBXBuildFile</string>
		</dict>
		<key>373C2A2C15C0B210ADBEEC3C</key>
		<dict>
			<key>fileRef</key>
			<string>373C2F98CBCA65F3234B3A3C</string>
			<key>isa</key>
			<string>PBXBuildFile</string>
		</dict>
		<key>373C2A3715A6B64DAE8714B7</key>
		<dict>
			<key>fileRef</key>
			<string>373C206B6A43A73E593C5CD8</string>
			<key>isa</key>
			<string>PBXBuildFile</string>
		</dict>
		<key>373C2B9DBAEAB335CFFFAEC6</key>
		<dict>
			<key>fileEncoding</key>
			<string>4</string>
			<key>isa</key>
			<string>PBXFileReference</string>
			<key>lastKnownFileType</key>
			<string>sourcecode.c.objc</string>
			<key>path</key>
			<string>UDNsdAdapter.m</string>
			<key>sourceTree</key>
			<string>&lt;group&gt;</string>
		</dict>
		<key>373C2ED7897748DF23D3DF8B</key>
		<dict>
			<key>fileRef</key>
			<string>373C2967D01997B3D20222FB</string>
			<key>isa</key>
			<string>PBXBuildFile</string>
		</dict>
		<key>373C2F3ECEDA842FDC866B59</key>
		<dict>
			<key>fileRef</key>
			<string>373C28A8E8DB3E86AD2FDC6C</string>
			<key>isa</key>
			<string>PBXBuildFile</string>
		</dict>
		<key>373C2F98CBCA65F3234B3A3C</key>
		<dict>
			<key>fileEncoding</key>
			<string>4</string>
			<key>isa</key>
			<string>PBXFileReference</string>
			<key>lastKnownFileType</key>
			<string>sourcecode.c.h</string>
			<key>path</key>
			<string>UDNsdServer.h</string>
			<key>sourceTree</key>
			<string>&lt;group&gt;</string>
		</dict>
		<key>6EC09173A08BCFB48B6F7F07</key>
		<dict>
			<key>fileRef</key>
			<string>EA337C95ACE2828E733481E0</string>
			<key>isa</key>
			<string>PBXBuildFile</string>
		</dict>
		<key>7441B5CE9FAC6F7230A21FE0</key>
		<dict>
			<key>buildActionMask</key>
			<string>2147483647</string>
			<key>files</key>
			<array/>
			<key>inputPaths</key>
			<array/>
			<key>isa</key>
			<string>PBXShellScriptBuildPhase</string>
			<key>name</key>
			<string>Check Pods Manifest.lock</string>
			<key>outputPaths</key>
			<array/>
			<key>runOnlyForDeploymentPostprocessing</key>
			<string>0</string>
			<key>shellPath</key>
			<string>/bin/sh</string>
			<key>shellScript</key>
			<string>diff "${PODS_ROOT}/../Podfile.lock" "${PODS_ROOT}/Manifest.lock" &gt; /dev/null
if [[ $? != 0 ]] ; then
    cat &lt;&lt; EOM
error: The sandbox is not in sync with the Podfile.lock. Run 'pod install' or update your CocoaPods installation.
EOM
    exit 1
fi
</string>
			<key>showEnvVarsInLog</key>
			<string>0</string>
		</dict>
		<key>7723EE64FC0F9C8F3FF4CC38</key>
		<dict>
			<key>fileRef</key>
			<string>97D28A8456AAC4A69166A95F</string>
			<key>isa</key>
			<string>PBXBuildFile</string>
		</dict>
		<key>92BC5D7F78874E250A3A6AE5</key>
		<dict>
			<key>buildActionMask</key>
			<string>2147483647</string>
			<key>files</key>
			<array/>
			<key>inputPaths</key>
			<array/>
			<key>isa</key>
			<string>PBXShellScriptBuildPhase</string>
			<key>name</key>
			<string>Copy Pods Resources</string>
			<key>outputPaths</key>
			<array/>
			<key>runOnlyForDeploymentPostprocessing</key>
			<string>0</string>
			<key>shellPath</key>
			<string>/bin/sh</string>
			<key>shellScript</key>
			<string>"${SRCROOT}/Pods/Target Support Files/Pods/Pods-resources.sh"
</string>
			<key>showEnvVarsInLog</key>
			<string>0</string>
		</dict>
		<key>97D28A8456AAC4A69166A95F</key>
		<dict>
			<key>explicitFileType</key>
			<string>wrapper.framework</string>
			<key>includeInIndex</key>
			<string>0</string>
			<key>isa</key>
			<string>PBXFileReference</string>
			<key>path</key>
			<string>Pods.framework</string>
			<key>sourceTree</key>
			<string>BUILT_PRODUCTS_DIR</string>
		</dict>
		<key>A9644A1AC8A714142489E67F</key>
		<dict>
			<key>buildActionMask</key>
			<string>2147483647</string>
			<key>files</key>
			<array/>
			<key>inputPaths</key>
			<array/>
			<key>isa</key>
			<string>PBXShellScriptBuildPhase</string>
			<key>name</key>
			<string>Embed Pods Frameworks</string>
			<key>outputPaths</key>
			<array/>
			<key>runOnlyForDeploymentPostprocessing</key>
			<string>0</string>
			<key>shellPath</key>
			<string>/bin/sh</string>
			<key>shellScript</key>
			<string>"${SRCROOT}/Pods/Target Support Files/Pods/Pods-frameworks.sh"
</string>
			<key>showEnvVarsInLog</key>
			<string>0</string>
		</dict>
		<key>B85BC8EA896FB69DADF526E0</key>
		<dict>
			<key>buildActionMask</key>
			<string>2147483647</string>
			<key>files</key>
			<array/>
			<key>inputPaths</key>
			<array/>
			<key>isa</key>
			<string>PBXShellScriptBuildPhase</string>
			<key>name</key>
			<string>Copy Pods Resources</string>
			<key>outputPaths</key>
			<array/>
			<key>runOnlyForDeploymentPostprocessing</key>
			<string>0</string>
			<key>shellPath</key>
			<string>/bin/sh</string>
			<key>shellScript</key>
			<string>"${SRCROOT}/Pods/Target Support Files/Pods/Pods-resources.sh"
</string>
			<key>showEnvVarsInLog</key>
			<string>0</string>
		</dict>
		<key>BAEB0E4F3125CCDE4FA88D68</key>
		<dict>
			<key>fileRef</key>
			<string>97D28A8456AAC4A69166A95F</string>
			<key>isa</key>
			<string>PBXBuildFile</string>
		</dict>
		<key>D50655011B4322F8002D192D</key>
		<dict>
			<key>buildActionMask</key>
			<string>2147483647</string>
			<key>files</key>
			<array/>
			<key>inputPaths</key>
			<array/>
			<key>isa</key>
			<string>PBXShellScriptBuildPhase</string>
			<key>name</key>
			<string>Protocol Buffers</string>
			<key>outputPaths</key>
			<array/>
			<key>runOnlyForDeploymentPostprocessing</key>
			<string>0</string>
			<key>shellPath</key>
			<string>/bin/sh</string>
			<key>shellScript</key>
			<string>PATH=$PATH:/usr/local/bin
#protoc --proto_path ../../underdark-proto ../../underdark-proto/Frames.proto --objc_out=Underdark
#protoc --proto_path ../../underdark-proto ../../underdark-proto/Packets.proto --objc_out=Underdark

</string>
		</dict>
		<key>D50655071B4323D7002D192D</key>
		<dict>
			<key>fileEncoding</key>
			<string>4</string>
			<key>isa</key>
			<string>PBXFileReference</string>
			<key>lastKnownFileType</key>
			<string>sourcecode.c.h</string>
			<key>path</key>
			<string>UDBonjourChannel.h</string>
			<key>sourceTree</key>
			<string>&lt;group&gt;</string>
		</dict>
		<key>D50655081B4323D7002D192D</key>
		<dict>
			<key>fileEncoding</key>
			<string>4</string>
			<key>isa</key>
			<string>PBXFileReference</string>
			<key>lastKnownFileType</key>
			<string>sourcecode.c.objc</string>
			<key>path</key>
			<string>UDBonjourChannel.m</string>
			<key>sourceTree</key>
			<string>&lt;group&gt;</string>
		</dict>
		<key>D50655091B4323D7002D192D</key>
		<dict>
			<key>fileEncoding</key>
			<string>4</string>
			<key>isa</key>
			<string>PBXFileReference</string>
			<key>lastKnownFileType</key>
			<string>sourcecode.c.h</string>
			<key>path</key>
			<string>UDBonjourAdapter.h</string>
			<key>sourceTree</key>
			<string>&lt;group&gt;</string>
		</dict>
		<key>D506550A1B4323D7002D192D</key>
		<dict>
			<key>fileEncoding</key>
			<string>4</string>
			<key>isa</key>
			<string>PBXFileReference</string>
			<key>lastKnownFileType</key>
			<string>sourcecode.c.objc</string>
			<key>path</key>
			<string>UDBonjourAdapter.m</string>
			<key>sourceTree</key>
			<string>&lt;group&gt;</string>
		</dict>
		<key>D506550B1B4323D7002D192D</key>
		<dict>
			<key>fileEncoding</key>
			<string>4</string>
			<key>isa</key>
			<string>PBXFileReference</string>
			<key>lastKnownFileType</key>
			<string>sourcecode.c.h</string>
			<key>path</key>
			<string>UDBtBeacon.h</string>
			<key>sourceTree</key>
			<string>&lt;group&gt;</string>
		</dict>
		<key>D506550C1B4323D7002D192D</key>
		<dict>
			<key>fileEncoding</key>
			<string>4</string>
			<key>isa</key>
			<string>PBXFileReference</string>
			<key>lastKnownFileType</key>
			<string>sourcecode.c.objc</string>
			<key>path</key>
			<string>UDBtBeacon.m</string>
			<key>sourceTree</key>
			<string>&lt;group&gt;</string>
		</dict>
		<key>D506551F1B4323D7002D192D</key>
		<dict>
			<key>fileEncoding</key>
			<string>4</string>
			<key>isa</key>
			<string>PBXFileReference</string>
			<key>lastKnownFileType</key>
			<string>sourcecode.c.h</string>
			<key>path</key>
			<string>UDRunLoopThread.h</string>
			<key>sourceTree</key>
			<string>&lt;group&gt;</string>
		</dict>
		<key>D50655201B4323D7002D192D</key>
		<dict>
			<key>fileEncoding</key>
			<string>4</string>
			<key>isa</key>
			<string>PBXFileReference</string>
			<key>lastKnownFileType</key>
			<string>sourcecode.c.objc</string>
			<key>path</key>
			<string>UDRunLoopThread.m</string>
			<key>sourceTree</key>
			<string>&lt;group&gt;</string>
		</dict>
		<key>D50655231B4323D7002D192D</key>
		<dict>
			<key>fileEncoding</key>
			<string>4</string>
			<key>isa</key>
			<string>PBXFileReference</string>
			<key>lastKnownFileType</key>
			<string>sourcecode.c.h</string>
			<key>path</key>
			<string>UDWifiReach.h</string>
			<key>sourceTree</key>
			<string>&lt;group&gt;</string>
		</dict>
		<key>D50655241B4323D7002D192D</key>
		<dict>
			<key>fileEncoding</key>
			<string>4</string>
			<key>isa</key>
			<string>PBXFileReference</string>
			<key>lastKnownFileType</key>
			<string>sourcecode.c.objc</string>
			<key>path</key>
			<string>UDWifiReach.m</string>
			<key>sourceTree</key>
			<string>&lt;group&gt;</string>
		</dict>
		<key>D50655251B4323D7002D192D</key>
		<dict>
			<key>fileEncoding</key>
			<string>4</string>
			<key>isa</key>
			<string>PBXFileReference</string>
			<key>lastKnownFileType</key>
			<string>sourcecode.c.h</string>
			<key>path</key>
			<string>UDAggLink.h</string>
			<key>sourceTree</key>
			<string>&lt;group&gt;</string>
		</dict>
		<key>D50655261B4323D7002D192D</key>
		<dict>
			<key>fileEncoding</key>
			<string>4</string>
			<key>isa</key>
			<string>PBXFileReference</string>
			<key>lastKnownFileType</key>
			<string>sourcecode.c.objc</string>
			<key>path</key>
			<string>UDAggLink.m</string>
			<key>sourceTree</key>
			<string>&lt;group&gt;</string>
		</dict>
		<key>D50655271B4323D7002D192D</key>
		<dict>
			<key>fileEncoding</key>
			<string>4</string>
			<key>isa</key>
			<string>PBXFileReference</string>
			<key>lastKnownFileType</key>
			<string>sourcecode.c.h</string>
			<key>path</key>
			<string>UDAggTransport.h</string>
			<key>sourceTree</key>
			<string>&lt;group&gt;</string>
		</dict>
		<key>D50655281B4323D7002D192D</key>
		<dict>
			<key>fileEncoding</key>
			<string>4</string>
			<key>isa</key>
			<string>PBXFileReference</string>
			<key>lastKnownFileType</key>
			<string>sourcecode.c.objc</string>
			<key>path</key>
			<string>UDAggTransport.m</string>
			<key>sourceTree</key>
			<string>&lt;group&gt;</string>
		</dict>
		<key>D50655291B4323D7002D192D</key>
		<dict>
			<key>fileEncoding</key>
			<string>4</string>
			<key>isa</key>
			<string>PBXFileReference</string>
			<key>lastKnownFileType</key>
			<string>sourcecode.c.h</string>
			<key>path</key>
			<string>UDAsyncUtils.h</string>
			<key>sourceTree</key>
			<string>&lt;group&gt;</string>
		</dict>
		<key>D506552A1B4323D7002D192D</key>
		<dict>
			<key>fileEncoding</key>
			<string>4</string>
			<key>isa</key>
			<string>PBXFileReference</string>
			<key>lastKnownFileType</key>
			<string>sourcecode.c.objc</string>
			<key>path</key>
			<string>UDAsyncUtils.m</string>
			<key>sourceTree</key>
			<string>&lt;group&gt;</string>
		</dict>
		<key>D50655311B4323D7002D192D</key>
		<dict>
			<key>fileRef</key>
			<string>D50655071B4323D7002D192D</string>
			<key>isa</key>
			<string>PBXBuildFile</string>
		</dict>
		<key>D50655321B4323D7002D192D</key>
		<dict>
			<key>fileRef</key>
			<string>D50655081B4323D7002D192D</string>
			<key>isa</key>
			<string>PBXBuildFile</string>
		</dict>
		<key>D50655331B4323D7002D192D</key>
		<dict>
			<key>fileRef</key>
			<string>D50655091B4323D7002D192D</string>
			<key>isa</key>
			<string>PBXBuildFile</string>
		</dict>
		<key>D50655341B4323D7002D192D</key>
		<dict>
			<key>fileRef</key>
			<string>D506550A1B4323D7002D192D</string>
			<key>isa</key>
			<string>PBXBuildFile</string>
		</dict>
		<key>D50655351B4323D7002D192D</key>
		<dict>
			<key>fileRef</key>
			<string>D506550B1B4323D7002D192D</string>
			<key>isa</key>
			<string>PBXBuildFile</string>
		</dict>
		<key>D50655361B4323D7002D192D</key>
		<dict>
			<key>fileRef</key>
			<string>D506550C1B4323D7002D192D</string>
			<key>isa</key>
			<string>PBXBuildFile</string>
		</dict>
		<key>D50655491B4323D7002D192D</key>
		<dict>
			<key>fileRef</key>
			<string>D506551F1B4323D7002D192D</string>
			<key>isa</key>
			<string>PBXBuildFile</string>
		</dict>
		<key>D506554A1B4323D7002D192D</key>
		<dict>
			<key>fileRef</key>
			<string>D50655201B4323D7002D192D</string>
			<key>isa</key>
			<string>PBXBuildFile</string>
		</dict>
		<key>D506554D1B4323D7002D192D</key>
		<dict>
			<key>fileRef</key>
			<string>D50655231B4323D7002D192D</string>
			<key>isa</key>
			<string>PBXBuildFile</string>
		</dict>
		<key>D506554E1B4323D8002D192D</key>
		<dict>
			<key>fileRef</key>
			<string>D50655241B4323D7002D192D</string>
			<key>isa</key>
			<string>PBXBuildFile</string>
		</dict>
		<key>D506554F1B4323D8002D192D</key>
		<dict>
			<key>fileRef</key>
			<string>D50655251B4323D7002D192D</string>
			<key>isa</key>
			<string>PBXBuildFile</string>
		</dict>
		<key>D50655501B4323D8002D192D</key>
		<dict>
			<key>fileRef</key>
			<string>D50655261B4323D7002D192D</string>
			<key>isa</key>
			<string>PBXBuildFile</string>
		</dict>
		<key>D50655511B4323D8002D192D</key>
		<dict>
			<key>fileRef</key>
			<string>D50655271B4323D7002D192D</string>
			<key>isa</key>
			<string>PBXBuildFile</string>
		</dict>
		<key>D50655521B4323D8002D192D</key>
		<dict>
			<key>fileRef</key>
			<string>D50655281B4323D7002D192D</string>
			<key>isa</key>
			<string>PBXBuildFile</string>
		</dict>
		<key>D50655531B4323D8002D192D</key>
		<dict>
			<key>fileRef</key>
			<string>D50655291B4323D7002D192D</string>
			<key>isa</key>
			<string>PBXBuildFile</string>
		</dict>
		<key>D50655541B4323D8002D192D</key>
		<dict>
			<key>fileRef</key>
			<string>D506552A1B4323D7002D192D</string>
			<key>isa</key>
			<string>PBXBuildFile</string>
		</dict>
		<key>D50655581B432416002D192D</key>
		<dict>
			<key>children</key>
			<array>
				<string>D583E0901C9EED040032E52D</string>
				<string>D50655271B4323D7002D192D</string>
				<string>D50655281B4323D7002D192D</string>
				<string>D50655251B4323D7002D192D</string>
				<string>D50655261B4323D7002D192D</string>
				<string>D545B3621C9C83A100657FFD</string>
				<string>D545B3631C9C83A100657FFD</string>
			</array>
			<key>isa</key>
			<string>PBXGroup</string>
			<key>name</key>
			<string>Transport</string>
			<key>sourceTree</key>
			<string>&lt;group&gt;</string>
		</dict>
		<key>D50655591B432425002D192D</key>
		<dict>
			<key>children</key>
			<array>
				<string>D5983C301B46EEC000F7B6F9</string>
				<string>D51565D81B4432DC00101C06</string>
				<string>D51565D91B4432DC00101C06</string>
				<string>D506551F1B4323D7002D192D</string>
				<string>D50655201B4323D7002D192D</string>
				<string>D50655291B4323D7002D192D</string>
				<string>D506552A1B4323D7002D192D</string>
			</array>
			<key>isa</key>
			<string>PBXGroup</string>
			<key>name</key>
			<string>Util</string>
			<key>sourceTree</key>
			<string>&lt;group&gt;</string>
		</dict>
		<key>D506555A1B43242F002D192D</key>
		<dict>
			<key>children</key>
			<array>
				<string>D506555B1B432461002D192D</string>
				<string>D50655071B4323D7002D192D</string>
				<string>D50655081B4323D7002D192D</string>
				<string>D50655091B4323D7002D192D</string>
				<string>D506550A1B4323D7002D192D</string>
				<string>D50A92451B471421003F9B38</string>
				<string>D50A92461B471421003F9B38</string>
				<string>D50A92491B471432003F9B38</string>
				<string>D50A924A1B471432003F9B38</string>
			</array>
			<key>isa</key>
			<string>PBXGroup</string>
			<key>name</key>
			<string>Bonjour</string>
			<key>sourceTree</key>
			<string>&lt;group&gt;</string>
		</dict>
		<key>D506555B1B432461002D192D</key>
		<dict>
			<key>children</key>
			<array>
				<string>D506550B1B4323D7002D192D</string>
				<string>D506550C1B4323D7002D192D</string>
			</array>
			<key>isa</key>
			<string>PBXGroup</string>
			<key>name</key>
			<string>Beacon</string>
			<key>sourceTree</key>
			<string>&lt;group&gt;</string>
		</dict>
		<key>D507B69C1BFCFFED00788BA1</key>
		<dict>
			<key>fileEncoding</key>
			<string>4</string>
			<key>isa</key>
			<string>PBXFileReference</string>
			<key>lastKnownFileType</key>
			<string>sourcecode.c.objc</string>
			<key>path</key>
			<string>UDRouterTests.m</string>
			<key>sourceTree</key>
			<string>&lt;group&gt;</string>
		</dict>
		<key>D507B69D1BFCFFED00788BA1</key>
		<dict>
			<key>fileRef</key>
			<string>D507B69C1BFCFFED00788BA1</string>
			<key>isa</key>
			<string>PBXBuildFile</string>
		</dict>
		<key>D507B69E1BFD022000788BA1</key>
		<dict>
			<key>children</key>
			<array>
				<string>D507B69F1BFD07E500788BA1</string>
				<string>D507B6A01BFD07E500788BA1</string>
				<string>D507B6A11BFD07E500788BA1</string>
				<string>D507B6A21BFD07E500788BA1</string>
				<string>D507B6A31BFD07E500788BA1</string>
				<string>D507B6A41BFD07E500788BA1</string>
				<string>D507B6A51BFD07E500788BA1</string>
				<string>D507B6A61BFD07E500788BA1</string>
				<string>D507B6A71BFD07E500788BA1</string>
				<string>D507B6A81BFD07E500788BA1</string>
			</array>
			<key>isa</key>
			<string>PBXGroup</string>
			<key>name</key>
			<string>Mock</string>
			<key>sourceTree</key>
			<string>&lt;group&gt;</string>
		</dict>
		<key>D507B69F1BFD07E500788BA1</key>
		<dict>
			<key>fileEncoding</key>
			<string>4</string>
			<key>isa</key>
			<string>PBXFileReference</string>
			<key>lastKnownFileType</key>
			<string>sourcecode.c.h</string>
			<key>path</key>
			<string>UDMockHandler.h</string>
			<key>sourceTree</key>
			<string>&lt;group&gt;</string>
		</dict>
		<key>D507B6A01BFD07E500788BA1</key>
		<dict>
			<key>fileEncoding</key>
			<string>4</string>
			<key>isa</key>
			<string>PBXFileReference</string>
			<key>lastKnownFileType</key>
			<string>sourcecode.c.objc</string>
			<key>path</key>
			<string>UDMockHandler.m</string>
			<key>sourceTree</key>
			<string>&lt;group&gt;</string>
		</dict>
		<key>D507B6A11BFD07E500788BA1</key>
		<dict>
			<key>fileEncoding</key>
			<string>4</string>
			<key>isa</key>
			<string>PBXFileReference</string>
			<key>lastKnownFileType</key>
			<string>sourcecode.c.h</string>
			<key>path</key>
			<string>UDMockLink.h</string>
			<key>sourceTree</key>
			<string>&lt;group&gt;</string>
		</dict>
		<key>D507B6A21BFD07E500788BA1</key>
		<dict>
			<key>fileEncoding</key>
			<string>4</string>
			<key>isa</key>
			<string>PBXFileReference</string>
			<key>lastKnownFileType</key>
			<string>sourcecode.c.objc</string>
			<key>path</key>
			<string>UDMockLink.m</string>
			<key>sourceTree</key>
			<string>&lt;group&gt;</string>
		</dict>
		<key>D507B6A31BFD07E500788BA1</key>
		<dict>
			<key>fileEncoding</key>
			<string>4</string>
			<key>isa</key>
			<string>PBXFileReference</string>
			<key>lastKnownFileType</key>
			<string>sourcecode.c.h</string>
			<key>path</key>
			<string>UDMockMesh.h</string>
			<key>sourceTree</key>
			<string>&lt;group&gt;</string>
		</dict>
		<key>D507B6A41BFD07E500788BA1</key>
		<dict>
			<key>fileEncoding</key>
			<string>4</string>
			<key>isa</key>
			<string>PBXFileReference</string>
			<key>lastKnownFileType</key>
			<string>sourcecode.c.objc</string>
			<key>path</key>
			<string>UDMockMesh.m</string>
			<key>sourceTree</key>
			<string>&lt;group&gt;</string>
		</dict>
		<key>D507B6A51BFD07E500788BA1</key>
		<dict>
			<key>fileEncoding</key>
			<string>4</string>
			<key>isa</key>
			<string>PBXFileReference</string>
			<key>lastKnownFileType</key>
			<string>sourcecode.c.h</string>
			<key>path</key>
			<string>UDMockNode.h</string>
			<key>sourceTree</key>
			<string>&lt;group&gt;</string>
		</dict>
		<key>D507B6A61BFD07E500788BA1</key>
		<dict>
			<key>fileEncoding</key>
			<string>4</string>
			<key>isa</key>
			<string>PBXFileReference</string>
			<key>lastKnownFileType</key>
			<string>sourcecode.c.objc</string>
			<key>path</key>
			<string>UDMockNode.m</string>
			<key>sourceTree</key>
			<string>&lt;group&gt;</string>
		</dict>
		<key>D507B6A71BFD07E500788BA1</key>
		<dict>
			<key>fileEncoding</key>
			<string>4</string>
			<key>isa</key>
			<string>PBXFileReference</string>
			<key>lastKnownFileType</key>
			<string>sourcecode.c.h</string>
			<key>path</key>
			<string>UDMockTransport.h</string>
			<key>sourceTree</key>
			<string>&lt;group&gt;</string>
		</dict>
		<key>D507B6A81BFD07E500788BA1</key>
		<dict>
			<key>fileEncoding</key>
			<string>4</string>
			<key>isa</key>
			<string>PBXFileReference</string>
			<key>lastKnownFileType</key>
			<string>sourcecode.c.objc</string>
			<key>path</key>
			<string>UDMockTransport.m</string>
			<key>sourceTree</key>
			<string>&lt;group&gt;</string>
		</dict>
		<key>D507B6A91BFD07E500788BA1</key>
		<dict>
			<key>fileRef</key>
			<string>D507B6A01BFD07E500788BA1</string>
			<key>isa</key>
			<string>PBXBuildFile</string>
		</dict>
		<key>D507B6AA1BFD07E500788BA1</key>
		<dict>
			<key>fileRef</key>
			<string>D507B6A21BFD07E500788BA1</string>
			<key>isa</key>
			<string>PBXBuildFile</string>
		</dict>
		<key>D507B6AB1BFD07E500788BA1</key>
		<dict>
			<key>fileRef</key>
			<string>D507B6A41BFD07E500788BA1</string>
			<key>isa</key>
			<string>PBXBuildFile</string>
		</dict>
		<key>D507B6AC1BFD07E500788BA1</key>
		<dict>
			<key>fileRef</key>
			<string>D507B6A61BFD07E500788BA1</string>
			<key>isa</key>
			<string>PBXBuildFile</string>
		</dict>
		<key>D507B6AD1BFD07E500788BA1</key>
		<dict>
			<key>fileRef</key>
			<string>D507B6A81BFD07E500788BA1</string>
			<key>isa</key>
			<string>PBXBuildFile</string>
		</dict>
		<key>D50A92451B471421003F9B38</key>
		<dict>
			<key>fileEncoding</key>
			<string>4</string>
			<key>isa</key>
			<string>PBXFileReference</string>
			<key>lastKnownFileType</key>
			<string>sourcecode.c.h</string>
			<key>path</key>
			<string>UDBonjourBrowser.h</string>
			<key>sourceTree</key>
			<string>&lt;group&gt;</string>
		</dict>
		<key>D50A92461B471421003F9B38</key>
		<dict>
			<key>fileEncoding</key>
			<string>4</string>
			<key>isa</key>
			<string>PBXFileReference</string>
			<key>lastKnownFileType</key>
			<string>sourcecode.c.objc</string>
			<key>path</key>
			<string>UDBonjourBrowser.m</string>
			<key>sourceTree</key>
			<string>&lt;group&gt;</string>
		</dict>
		<key>D50A92471B471421003F9B38</key>
		<dict>
			<key>fileRef</key>
			<string>D50A92451B471421003F9B38</string>
			<key>isa</key>
			<string>PBXBuildFile</string>
		</dict>
		<key>D50A92481B471421003F9B38</key>
		<dict>
			<key>fileRef</key>
			<string>D50A92461B471421003F9B38</string>
			<key>isa</key>
			<string>PBXBuildFile</string>
		</dict>
		<key>D50A92491B471432003F9B38</key>
		<dict>
			<key>fileEncoding</key>
			<string>4</string>
			<key>isa</key>
			<string>PBXFileReference</string>
			<key>lastKnownFileType</key>
			<string>sourcecode.c.h</string>
			<key>path</key>
			<string>UDBonjourServer.h</string>
			<key>sourceTree</key>
			<string>&lt;group&gt;</string>
		</dict>
		<key>D50A924A1B471432003F9B38</key>
		<dict>
			<key>fileEncoding</key>
			<string>4</string>
			<key>isa</key>
			<string>PBXFileReference</string>
			<key>lastKnownFileType</key>
			<string>sourcecode.c.objc</string>
			<key>path</key>
			<string>UDBonjourServer.m</string>
			<key>sourceTree</key>
			<string>&lt;group&gt;</string>
		</dict>
		<key>D50A924B1B471432003F9B38</key>
		<dict>
			<key>fileRef</key>
			<string>D50A92491B471432003F9B38</string>
			<key>isa</key>
			<string>PBXBuildFile</string>
		</dict>
		<key>D50A924C1B471432003F9B38</key>
		<dict>
			<key>fileRef</key>
			<string>D50A924A1B471432003F9B38</string>
			<key>isa</key>
			<string>PBXBuildFile</string>
		</dict>
		<key>D50A92531B485811003F9B38</key>
		<dict>
			<key>children</key>
			<array>
				<string>D5287AB11B485FB0002A0B5E</string>
				<string>D50655231B4323D7002D192D</string>
				<string>D50655241B4323D7002D192D</string>
				<string>D50A92541B48583A003F9B38</string>
				<string>D50A92551B48583A003F9B38</string>
			</array>
			<key>isa</key>
			<string>PBXGroup</string>
			<key>name</key>
			<string>Reach</string>
			<key>sourceTree</key>
			<string>&lt;group&gt;</string>
		</dict>
		<key>D50A92541B48583A003F9B38</key>
		<dict>
			<key>fileEncoding</key>
			<string>4</string>
			<key>isa</key>
			<string>PBXFileReference</string>
			<key>lastKnownFileType</key>
			<string>sourcecode.c.h</string>
			<key>path</key>
			<string>UDBtReach.h</string>
			<key>sourceTree</key>
			<string>&lt;group&gt;</string>
		</dict>
		<key>D50A92551B48583A003F9B38</key>
		<dict>
			<key>fileEncoding</key>
			<string>4</string>
			<key>isa</key>
			<string>PBXFileReference</string>
			<key>lastKnownFileType</key>
			<string>sourcecode.c.objc</string>
			<key>path</key>
			<string>UDBtReach.m</string>
			<key>sourceTree</key>
			<string>&lt;group&gt;</string>
		</dict>
		<key>D50A92561B48583A003F9B38</key>
		<dict>
			<key>fileRef</key>
			<string>D50A92541B48583A003F9B38</string>
			<key>isa</key>
			<string>PBXBuildFile</string>
		</dict>
		<key>D50A92571B48583A003F9B38</key>
		<dict>
			<key>fileRef</key>
			<string>D50A92551B48583A003F9B38</string>
			<key>isa</key>
			<string>PBXBuildFile</string>
		</dict>
		<key>D51565C21B44230300101C06</key>
		<dict>
			<key>children</key>
			<array>
				<string>D5A9B3281C9C06F10086DA93</string>
				<string>D5A9B3271C9C04D50086DA93</string>
				<string>D50A92531B485811003F9B38</string>
				<string>D506555A1B43242F002D192D</string>
				<string>373C266D77B188D618829782</string>
			</array>
			<key>isa</key>
			<string>PBXGroup</string>
			<key>name</key>
			<string>Adapter</string>
			<key>sourceTree</key>
			<string>&lt;group&gt;</string>
		</dict>
		<key>D51565C31B44233400101C06</key>
		<dict>
			<key>fileEncoding</key>
			<string>4</string>
			<key>isa</key>
			<string>PBXFileReference</string>
			<key>lastKnownFileType</key>
			<string>sourcecode.c.h</string>
			<key>path</key>
			<string>UDLogging.h</string>
			<key>sourceTree</key>
			<string>&lt;group&gt;</string>
		</dict>
		<key>D51565C41B44233400101C06</key>
		<dict>
			<key>fileEncoding</key>
			<string>4</string>
			<key>isa</key>
			<string>PBXFileReference</string>
			<key>lastKnownFileType</key>
			<string>sourcecode.c.objc</string>
			<key>path</key>
			<string>UDLogging.m</string>
			<key>sourceTree</key>
			<string>&lt;group&gt;</string>
		</dict>
		<key>D51565C51B44233400101C06</key>
		<dict>
			<key>fileRef</key>
			<string>D51565C31B44233400101C06</string>
			<key>isa</key>
			<string>PBXBuildFile</string>
		</dict>
		<key>D51565C61B44233400101C06</key>
		<dict>
			<key>fileRef</key>
			<string>D51565C41B44233400101C06</string>
			<key>isa</key>
			<string>PBXBuildFile</string>
		</dict>
		<key>D51565C71B442E1000101C06</key>
		<dict>
			<key>children</key>
			<array>
				<string>D594259F1BFC27D30069B5F8</string>
				<string>D59425A01BFC27D30069B5F8</string>
				<string>D51565CC1B442E1D00101C06</string>
				<string>D51565CD1B442E1D00101C06</string>
			</array>
			<key>isa</key>
			<string>PBXGroup</string>
			<key>name</key>
			<string>Protobuf</string>
			<key>sourceTree</key>
			<string>&lt;group&gt;</string>
		</dict>
		<key>D51565CC1B442E1D00101C06</key>
		<dict>
			<key>fileEncoding</key>
			<string>4</string>
			<key>isa</key>
			<string>PBXFileReference</string>
			<key>lastKnownFileType</key>
			<string>sourcecode.c.h</string>
			<key>path</key>
			<string>Frames.pb.h</string>
			<key>sourceTree</key>
			<string>&lt;group&gt;</string>
		</dict>
		<key>D51565CD1B442E1D00101C06</key>
		<dict>
			<key>fileEncoding</key>
			<string>4</string>
			<key>isa</key>
			<string>PBXFileReference</string>
			<key>lastKnownFileType</key>
			<string>sourcecode.c.objc</string>
			<key>path</key>
			<string>Frames.pb.m</string>
			<key>sourceTree</key>
			<string>&lt;group&gt;</string>
		</dict>
		<key>D51565D21B442E1D00101C06</key>
		<dict>
			<key>fileRef</key>
			<string>D51565CC1B442E1D00101C06</string>
			<key>isa</key>
			<string>PBXBuildFile</string>
		</dict>
		<key>D51565D31B442E1D00101C06</key>
		<dict>
			<key>fileRef</key>
			<string>D51565CD1B442E1D00101C06</string>
			<key>isa</key>
			<string>PBXBuildFile</string>
		</dict>
		<key>D51565D81B4432DC00101C06</key>
		<dict>
			<key>fileEncoding</key>
			<string>4</string>
			<key>isa</key>
			<string>PBXFileReference</string>
			<key>lastKnownFileType</key>
			<string>sourcecode.c.h</string>
			<key>path</key>
			<string>UDConfig.h</string>
			<key>sourceTree</key>
			<string>&lt;group&gt;</string>
		</dict>
		<key>D51565D91B4432DC00101C06</key>
		<dict>
			<key>fileEncoding</key>
			<string>4</string>
			<key>isa</key>
			<string>PBXFileReference</string>
			<key>lastKnownFileType</key>
			<string>sourcecode.c.objc</string>
			<key>path</key>
			<string>UDConfig.m</string>
			<key>sourceTree</key>
			<string>&lt;group&gt;</string>
		</dict>
		<key>D51565DA1B4432DC00101C06</key>
		<dict>
			<key>fileRef</key>
			<string>D51565D81B4432DC00101C06</string>
			<key>isa</key>
			<string>PBXBuildFile</string>
		</dict>
		<key>D51565DB1B4432DC00101C06</key>
		<dict>
			<key>fileRef</key>
			<string>D51565D91B4432DC00101C06</string>
			<key>isa</key>
			<string>PBXBuildFile</string>
		</dict>
		<key>D51FA4351C9C4532006DF80D</key>
		<dict>
			<key>children</key>
			<array>
				<string>D51FA4361C9C4554006DF80D</string>
				<string>D51FA4421C9C4B37006DF80D</string>
				<string>D51FA43A1C9C47EC006DF80D</string>
				<string>D51FA43B1C9C47EC006DF80D</string>
				<string>D51FA43E1C9C4826006DF80D</string>
				<string>D51FA43F1C9C4826006DF80D</string>
			</array>
			<key>isa</key>
			<string>PBXGroup</string>
			<key>name</key>
			<string>Buffer</string>
			<key>sourceTree</key>
			<string>&lt;group&gt;</string>
		</dict>
		<key>D51FA4361C9C4554006DF80D</key>
		<dict>
			<key>fileEncoding</key>
			<string>4</string>
			<key>isa</key>
			<string>PBXFileReference</string>
			<key>lastKnownFileType</key>
			<string>sourcecode.c.h</string>
			<key>path</key>
			<string>UDBuffer.h</string>
			<key>sourceTree</key>
			<string>&lt;group&gt;</string>
		</dict>
		<key>D51FA4381C9C4554006DF80D</key>
		<dict>
			<key>fileRef</key>
			<string>D51FA4361C9C4554006DF80D</string>
			<key>isa</key>
			<string>PBXBuildFile</string>
		</dict>
		<key>D51FA43A1C9C47EC006DF80D</key>
		<dict>
			<key>fileEncoding</key>
			<string>4</string>
			<key>isa</key>
			<string>PBXFileReference</string>
			<key>lastKnownFileType</key>
			<string>sourcecode.c.h</string>
			<key>path</key>
			<string>UDDataBuffer.h</string>
			<key>sourceTree</key>
			<string>&lt;group&gt;</string>
		</dict>
		<key>D51FA43B1C9C47EC006DF80D</key>
		<dict>
			<key>fileEncoding</key>
			<string>4</string>
			<key>isa</key>
			<string>PBXFileReference</string>
			<key>lastKnownFileType</key>
			<string>sourcecode.c.objc</string>
			<key>path</key>
			<string>UDDataBuffer.m</string>
			<key>sourceTree</key>
			<string>&lt;group&gt;</string>
		</dict>
		<key>D51FA43C1C9C47EC006DF80D</key>
		<dict>
			<key>fileRef</key>
			<string>D51FA43A1C9C47EC006DF80D</string>
			<key>isa</key>
			<string>PBXBuildFile</string>
		</dict>
		<key>D51FA43D1C9C47EC006DF80D</key>
		<dict>
			<key>fileRef</key>
			<string>D51FA43B1C9C47EC006DF80D</string>
			<key>isa</key>
			<string>PBXBuildFile</string>
		</dict>
		<key>D51FA43E1C9C4826006DF80D</key>
		<dict>
			<key>fileEncoding</key>
			<string>4</string>
			<key>isa</key>
			<string>PBXFileReference</string>
			<key>lastKnownFileType</key>
			<string>sourcecode.c.h</string>
			<key>path</key>
			<string>UDCompositeBuffer.h</string>
			<key>sourceTree</key>
			<string>&lt;group&gt;</string>
		</dict>
		<key>D51FA43F1C9C4826006DF80D</key>
		<dict>
			<key>fileEncoding</key>
			<string>4</string>
			<key>isa</key>
			<string>PBXFileReference</string>
			<key>lastKnownFileType</key>
			<string>sourcecode.c.objc</string>
			<key>path</key>
			<string>UDCompositeBuffer.m</string>
			<key>sourceTree</key>
			<string>&lt;group&gt;</string>
		</dict>
		<key>D51FA4401C9C4826006DF80D</key>
		<dict>
			<key>fileRef</key>
			<string>D51FA43E1C9C4826006DF80D</string>
			<key>isa</key>
			<string>PBXBuildFile</string>
		</dict>
		<key>D51FA4411C9C4826006DF80D</key>
		<dict>
			<key>fileRef</key>
			<string>D51FA43F1C9C4826006DF80D</string>
			<key>isa</key>
			<string>PBXBuildFile</string>
		</dict>
		<key>D51FA4421C9C4B37006DF80D</key>
		<dict>
			<key>fileEncoding</key>
			<string>4</string>
			<key>isa</key>
			<string>PBXFileReference</string>
			<key>lastKnownFileType</key>
			<string>sourcecode.c.objc</string>
			<key>path</key>
			<string>UDBuffer.m</string>
			<key>sourceTree</key>
			<string>&lt;group&gt;</string>
		</dict>
		<key>D51FA4431C9C4B37006DF80D</key>
		<dict>
			<key>fileRef</key>
			<string>D51FA4421C9C4B37006DF80D</string>
			<key>isa</key>
			<string>PBXBuildFile</string>
		</dict>
		<key>D51FA4441C9C5654006DF80D</key>
		<dict>
			<key>children</key>
			<array>
				<string>D51FA4451C9C5672006DF80D</string>
			</array>
			<key>isa</key>
			<string>PBXGroup</string>
			<key>name</key>
			<string>Buffer</string>
			<key>sourceTree</key>
			<string>&lt;group&gt;</string>
		</dict>
		<key>D51FA4451C9C5672006DF80D</key>
		<dict>
			<key>fileEncoding</key>
			<string>4</string>
			<key>isa</key>
			<string>PBXFileReference</string>
			<key>lastKnownFileType</key>
			<string>sourcecode.c.objc</string>
			<key>path</key>
			<string>UDBufferTests.m</string>
			<key>sourceTree</key>
			<string>&lt;group&gt;</string>
		</dict>
		<key>D51FA4461C9C5672006DF80D</key>
		<dict>
			<key>fileRef</key>
			<string>D51FA4451C9C5672006DF80D</string>
			<key>isa</key>
			<string>PBXBuildFile</string>
		</dict>
		<key>D5287AB11B485FB0002A0B5E</key>
		<dict>
			<key>isa</key>
			<string>PBXFileReference</string>
			<key>lastKnownFileType</key>
			<string>sourcecode.c.h</string>
			<key>path</key>
			<string>UDReach.h</string>
			<key>sourceTree</key>
			<string>&lt;group&gt;</string>
		</dict>
		<key>D5287AB21B485FB7002A0B5E</key>
		<dict>
			<key>fileRef</key>
			<string>D5287AB11B485FB0002A0B5E</string>
			<key>isa</key>
			<string>PBXBuildFile</string>
		</dict>
		<key>D528C58A1B44567B00E4FC8C</key>
		<dict>
			<key>buildConfigurationList</key>
			<string>D528C58D1B44567B00E4FC8C</string>
			<key>buildPhases</key>
			<array>
				<string>D528C58E1B44568700E4FC8C</string>
			</array>
			<key>dependencies</key>
			<array/>
			<key>isa</key>
			<string>PBXAggregateTarget</string>
			<key>name</key>
			<string>Underdark-Universal</string>
			<key>productName</key>
			<string>Underdark-Universal</string>
		</dict>
		<key>D528C58B1B44567B00E4FC8C</key>
		<dict>
			<key>buildSettings</key>
			<dict>
				<key>ONLY_ACTIVE_ARCH</key>
				<string>NO</string>
				<key>PRODUCT_NAME</key>
				<string>$(TARGET_NAME)</string>
			</dict>
			<key>isa</key>
			<string>XCBuildConfiguration</string>
			<key>name</key>
			<string>Debug</string>
		</dict>
		<key>D528C58C1B44567B00E4FC8C</key>
		<dict>
			<key>buildSettings</key>
			<dict>
				<key>ONLY_ACTIVE_ARCH</key>
				<string>NO</string>
				<key>PRODUCT_NAME</key>
				<string>$(TARGET_NAME)</string>
			</dict>
			<key>isa</key>
			<string>XCBuildConfiguration</string>
			<key>name</key>
			<string>Release</string>
		</dict>
		<key>D528C58D1B44567B00E4FC8C</key>
		<dict>
			<key>buildConfigurations</key>
			<array>
				<string>D528C58B1B44567B00E4FC8C</string>
				<string>D528C58C1B44567B00E4FC8C</string>
			</array>
			<key>defaultConfigurationIsVisible</key>
			<string>0</string>
			<key>defaultConfigurationName</key>
			<string>Release</string>
			<key>isa</key>
			<string>XCConfigurationList</string>
		</dict>
		<key>D528C58E1B44568700E4FC8C</key>
		<dict>
			<key>buildActionMask</key>
			<string>2147483647</string>
			<key>files</key>
			<array/>
			<key>inputPaths</key>
			<array/>
			<key>isa</key>
			<string>PBXShellScriptBuildPhase</string>
			<key>name</key>
			<string>Universal Framework</string>
			<key>outputPaths</key>
			<array/>
			<key>runOnlyForDeploymentPostprocessing</key>
			<string>0</string>
			<key>shellPath</key>
			<string>/bin/sh</string>
			<key>shellScript</key>
			<string># https://medium.com/@syshen/create-an-ios-universal-framework-148eb130a46c

######################
# Options
######################

REVEAL_ARCHIVE_IN_FINDER=true

FRAMEWORK_NAME="${PROJECT_NAME}"

SIMULATOR_LIBRARY_PATH="${BUILD_DIR}/${CONFIGURATION}-iphonesimulator/${FRAMEWORK_NAME}.framework"

DEVICE_LIBRARY_PATH="${BUILD_DIR}/${CONFIGURATION}-iphoneos/${FRAMEWORK_NAME}.framework"

UNIVERSAL_LIBRARY_DIR="${BUILD_DIR}/${CONFIGURATION}-iphoneuniversal"

FRAMEWORK="${UNIVERSAL_LIBRARY_DIR}/${FRAMEWORK_NAME}.framework"


######################
# Build Frameworks
######################

xcodebuild -workspace ${PROJECT_NAME}.xcworkspace -scheme ${PROJECT_NAME} -sdk iphonesimulator -configuration ${CONFIGURATION} clean build CONFIGURATION_BUILD_DIR=${BUILD_DIR}/${CONFIGURATION}-iphonesimulator 2&gt;&amp;1

xcodebuild -workspace ${PROJECT_NAME}.xcworkspace -scheme ${PROJECT_NAME} -sdk iphoneos -configuration ${CONFIGURATION} clean build CONFIGURATION_BUILD_DIR=${BUILD_DIR}/${CONFIGURATION}-iphoneos 2&gt;&amp;1

######################
# Create directory for universal
######################

rm -rf "${UNIVERSAL_LIBRARY_DIR}"

mkdir "${UNIVERSAL_LIBRARY_DIR}"

mkdir "${FRAMEWORK}"


######################
# Copy files Framework
######################

cp -r "${DEVICE_LIBRARY_PATH}/." "${FRAMEWORK}"


######################
# Make an universal binary
######################

lipo "${SIMULATOR_LIBRARY_PATH}/${FRAMEWORK_NAME}" "${DEVICE_LIBRARY_PATH}/${FRAMEWORK_NAME}" -create -output "${FRAMEWORK}/${FRAMEWORK_NAME}" | echo

# For Swift framework, Swiftmodule needs to be copied in the universal framework
if [ -d "${SIMULATOR_LIBRARY_PATH}/Modules/${FRAMEWORK_NAME}.swiftmodule/" ]; then
cp -f "${SIMULATOR_LIBRARY_PATH}/Modules/${FRAMEWORK_NAME}.swiftmodule/*" "${FRAMEWORK}/Modules/${FRAMEWORK_NAME}.swiftmodule/" | echo
fi

if [ -d "${DEVICE_LIBRARY_PATH}/Modules/${FRAMEWORK_NAME}.swiftmodule/" ]; then
cp -f "${DEVICE_LIBRARY_PATH}/Modules/${FRAMEWORK_NAME}.swiftmodule/*" "${FRAMEWORK}/Modules/${FRAMEWORK_NAME}.swiftmodule/" | echo
fi

######################
# On Release, copy the result to release directory
######################
OUTPUT_DIR="${PROJECT_DIR}/Output/${FRAMEWORK_NAME}-${CONFIGURATION}-iphoneuniversal/"

rm -rf "$OUTPUT_DIR"
mkdir -p "$OUTPUT_DIR"

cp -r "${FRAMEWORK}" "$OUTPUT_DIR"

rm -f "$OUTPUT_DIR/${FRAMEWORK_NAME}.zip"
cd "${OUTPUT_DIR}"
zip -r "${FRAMEWORK_NAME}.zip" "${FRAMEWORK_NAME}.framework"

if [ ${REVEAL_ARCHIVE_IN_FINDER} = true ]; then
open "${OUTPUT_DIR}/"
fi
</string>
		</dict>
		<key>D528C5931B44895500E4FC8C</key>
		<dict>
			<key>children</key>
			<array>
				<string>D5B889981C9AA92800DCAEC5</string>
				<string>D528C59B1B44895500E4FC8C</string>
				<string>D528C5991B44895500E4FC8C</string>
				<string>D528C59A1B44895500E4FC8C</string>
				<string>D5983C311B46EF0600F7B6F9</string>
				<string>D528C5941B44895500E4FC8C</string>
				<string>D528C5951B44895500E4FC8C</string>
				<string>D528C5961B44895500E4FC8C</string>
				<string>D528C5971B44895500E4FC8C</string>
				<string>D528C5981B44895500E4FC8C</string>
				<string>D5C9426D1C0C56D400949913</string>
				<string>D5C9426E1C0C56D400949913</string>
			</array>
			<key>isa</key>
			<string>PBXGroup</string>
			<key>path</key>
			<string>Public</string>
			<key>sourceTree</key>
			<string>&lt;group&gt;</string>
		</dict>
		<key>D528C5941B44895500E4FC8C</key>
		<dict>
			<key>fileEncoding</key>
			<string>4</string>
			<key>isa</key>
			<string>PBXFileReference</string>
			<key>lastKnownFileType</key>
			<string>sourcecode.c.h</string>
			<key>path</key>
			<string>UDLink.h</string>
			<key>sourceTree</key>
			<string>&lt;group&gt;</string>
		</dict>
		<key>D528C5951B44895500E4FC8C</key>
		<dict>
			<key>fileEncoding</key>
			<string>4</string>
			<key>isa</key>
			<string>PBXFileReference</string>
			<key>lastKnownFileType</key>
			<string>sourcecode.c.h</string>
			<key>path</key>
			<string>UDTimeExtender.h</string>
			<key>sourceTree</key>
			<string>&lt;group&gt;</string>
		</dict>
		<key>D528C5961B44895500E4FC8C</key>
		<dict>
			<key>fileEncoding</key>
			<string>4</string>
			<key>isa</key>
			<string>PBXFileReference</string>
			<key>lastKnownFileType</key>
			<string>sourcecode.c.objc</string>
			<key>path</key>
			<string>UDTimeExtender.m</string>
			<key>sourceTree</key>
			<string>&lt;group&gt;</string>
		</dict>
		<key>D528C5971B44895500E4FC8C</key>
		<dict>
			<key>fileEncoding</key>
			<string>4</string>
			<key>isa</key>
			<string>PBXFileReference</string>
			<key>lastKnownFileType</key>
			<string>sourcecode.c.h</string>
			<key>path</key>
			<string>UDTransport.h</string>
			<key>sourceTree</key>
			<string>&lt;group&gt;</string>
		</dict>
		<key>D528C5981B44895500E4FC8C</key>
		<dict>
			<key>fileEncoding</key>
			<string>4</string>
			<key>isa</key>
			<string>PBXFileReference</string>
			<key>lastKnownFileType</key>
			<string>sourcecode.c.objc</string>
			<key>path</key>
			<string>UDTransport.m</string>
			<key>sourceTree</key>
			<string>&lt;group&gt;</string>
		</dict>
		<key>D528C5991B44895500E4FC8C</key>
		<dict>
			<key>fileEncoding</key>
			<string>4</string>
			<key>isa</key>
			<string>PBXFileReference</string>
			<key>lastKnownFileType</key>
			<string>sourcecode.c.h</string>
			<key>path</key>
			<string>UDUnderdark.h</string>
			<key>sourceTree</key>
			<string>&lt;group&gt;</string>
		</dict>
		<key>D528C59A1B44895500E4FC8C</key>
		<dict>
			<key>fileEncoding</key>
			<string>4</string>
			<key>isa</key>
			<string>PBXFileReference</string>
			<key>lastKnownFileType</key>
			<string>sourcecode.c.objc</string>
			<key>path</key>
			<string>UDUnderdark.m</string>
			<key>sourceTree</key>
			<string>&lt;group&gt;</string>
		</dict>
		<key>D528C59B1B44895500E4FC8C</key>
		<dict>
			<key>fileEncoding</key>
			<string>4</string>
			<key>isa</key>
			<string>PBXFileReference</string>
			<key>lastKnownFileType</key>
			<string>sourcecode.c.h</string>
			<key>path</key>
			<string>Underdark.h</string>
			<key>sourceTree</key>
			<string>&lt;group&gt;</string>
		</dict>
		<key>D528C59C1B44895500E4FC8C</key>
		<dict>
			<key>fileRef</key>
			<string>D528C5941B44895500E4FC8C</string>
			<key>isa</key>
			<string>PBXBuildFile</string>
			<key>settings</key>
			<dict>
				<key>ATTRIBUTES</key>
				<array>
					<string>Public</string>
				</array>
			</dict>
		</dict>
		<key>D528C59D1B44895500E4FC8C</key>
		<dict>
			<key>fileRef</key>
			<string>D528C5951B44895500E4FC8C</string>
			<key>isa</key>
			<string>PBXBuildFile</string>
			<key>settings</key>
			<dict>
				<key>ATTRIBUTES</key>
				<array>
					<string>Public</string>
				</array>
			</dict>
		</dict>
		<key>D528C59E1B44895500E4FC8C</key>
		<dict>
			<key>fileRef</key>
			<string>D528C5961B44895500E4FC8C</string>
			<key>isa</key>
			<string>PBXBuildFile</string>
		</dict>
		<key>D528C59F1B44895500E4FC8C</key>
		<dict>
			<key>fileRef</key>
			<string>D528C5971B44895500E4FC8C</string>
			<key>isa</key>
			<string>PBXBuildFile</string>
			<key>settings</key>
			<dict>
				<key>ATTRIBUTES</key>
				<array>
					<string>Public</string>
				</array>
			</dict>
		</dict>
		<key>D528C5A01B44895500E4FC8C</key>
		<dict>
			<key>fileRef</key>
			<string>D528C5981B44895500E4FC8C</string>
			<key>isa</key>
			<string>PBXBuildFile</string>
		</dict>
		<key>D528C5A11B44895500E4FC8C</key>
		<dict>
			<key>fileRef</key>
			<string>D528C5991B44895500E4FC8C</string>
			<key>isa</key>
			<string>PBXBuildFile</string>
			<key>settings</key>
			<dict>
				<key>ATTRIBUTES</key>
				<array>
					<string>Public</string>
				</array>
			</dict>
		</dict>
		<key>D528C5A21B44895500E4FC8C</key>
		<dict>
			<key>fileRef</key>
			<string>D528C59A1B44895500E4FC8C</string>
			<key>isa</key>
			<string>PBXBuildFile</string>
		</dict>
		<key>D528C5A31B44895500E4FC8C</key>
		<dict>
			<key>fileRef</key>
			<string>D528C59B1B44895500E4FC8C</string>
			<key>isa</key>
			<string>PBXBuildFile</string>
			<key>settings</key>
			<dict>
				<key>ATTRIBUTES</key>
				<array>
					<string>Public</string>
				</array>
			</dict>
		</dict>
		<key>D528C5A41B448A0400E4FC8C</key>
		<dict>
			<key>fileRef</key>
			<string>D528C5961B44895500E4FC8C</string>
			<key>isa</key>
			<string>PBXBuildFile</string>
			<key>settings</key>
			<dict>
				<key>ATTRIBUTES</key>
				<array>
					<string>Public</string>
				</array>
			</dict>
		</dict>
		<key>D528C5A51B448A0400E4FC8C</key>
		<dict>
			<key>fileRef</key>
			<string>D528C5981B44895500E4FC8C</string>
			<key>isa</key>
			<string>PBXBuildFile</string>
			<key>settings</key>
			<dict>
				<key>ATTRIBUTES</key>
				<array>
					<string>Public</string>
				</array>
			</dict>
		</dict>
		<key>D528C5A61B448A0400E4FC8C</key>
		<dict>
			<key>fileRef</key>
			<string>D528C59A1B44895500E4FC8C</string>
			<key>isa</key>
			<string>PBXBuildFile</string>
			<key>settings</key>
			<dict>
				<key>ATTRIBUTES</key>
				<array>
					<string>Public</string>
				</array>
			</dict>
		</dict>
		<key>D539EC7E1B45555A00A7D6E9</key>
		<dict>
			<key>fileEncoding</key>
			<string>4</string>
			<key>isa</key>
			<string>PBXFileReference</string>
			<key>lastKnownFileType</key>
			<string>text</string>
			<key>path</key>
			<string>Podfile</string>
			<key>sourceTree</key>
			<string>SOURCE_ROOT</string>
		</dict>
		<key>D545B3621C9C83A100657FFD</key>
		<dict>
			<key>fileEncoding</key>
			<string>4</string>
			<key>isa</key>
			<string>PBXFileReference</string>
			<key>lastKnownFileType</key>
			<string>sourcecode.c.h</string>
			<key>path</key>
			<string>UDOutputItem.h</string>
			<key>sourceTree</key>
			<string>&lt;group&gt;</string>
		</dict>
		<key>D545B3631C9C83A100657FFD</key>
		<dict>
			<key>fileEncoding</key>
			<string>4</string>
			<key>isa</key>
			<string>PBXFileReference</string>
			<key>lastKnownFileType</key>
			<string>sourcecode.c.objc</string>
			<key>path</key>
			<string>UDOutputItem.m</string>
			<key>sourceTree</key>
			<string>&lt;group&gt;</string>
		</dict>
		<key>D545B3641C9C83A100657FFD</key>
		<dict>
			<key>fileRef</key>
			<string>D545B3621C9C83A100657FFD</string>
			<key>isa</key>
			<string>PBXBuildFile</string>
		</dict>
		<key>D545B3651C9C83A100657FFD</key>
		<dict>
			<key>fileRef</key>
			<string>D545B3631C9C83A100657FFD</string>
			<key>isa</key>
			<string>PBXBuildFile</string>
		</dict>
		<key>D559CCC81BA3256E0057CF17</key>
		<dict>
			<key>fileEncoding</key>
			<string>4</string>
			<key>isa</key>
			<string>PBXFileReference</string>
			<key>lastKnownFileType</key>
			<string>sourcecode.c.h</string>
			<key>path</key>
			<string>UDNsdService.h</string>
			<key>sourceTree</key>
			<string>&lt;group&gt;</string>
		</dict>
		<key>D559CCC91BA3256E0057CF17</key>
		<dict>
			<key>fileEncoding</key>
			<string>4</string>
			<key>isa</key>
			<string>PBXFileReference</string>
			<key>lastKnownFileType</key>
			<string>sourcecode.c.objc</string>
			<key>path</key>
			<string>UDNsdService.m</string>
			<key>sourceTree</key>
			<string>&lt;group&gt;</string>
		</dict>
		<key>D559CCCA1BA3256E0057CF17</key>
		<dict>
			<key>fileRef</key>
			<string>D559CCC81BA3256E0057CF17</string>
			<key>isa</key>
			<string>PBXBuildFile</string>
		</dict>
		<key>D559CCCB1BA3256E0057CF17</key>
		<dict>
			<key>fileRef</key>
			<string>D559CCC91BA3256E0057CF17</string>
			<key>isa</key>
			<string>PBXBuildFile</string>
		</dict>
		<key>D559CCCC1BA462B90057CF17</key>
		<dict>
			<key>fileEncoding</key>
			<string>4</string>
			<key>isa</key>
			<string>PBXFileReference</string>
			<key>lastKnownFileType</key>
			<string>sourcecode.c.objc</string>
			<key>path</key>
			<string>UDNsdUtil.m</string>
			<key>sourceTree</key>
			<string>&lt;group&gt;</string>
		</dict>
		<key>D559CCCD1BA462B90057CF17</key>
		<dict>
			<key>fileRef</key>
			<string>D559CCCC1BA462B90057CF17</string>
			<key>isa</key>
			<string>PBXBuildFile</string>
		</dict>
		<key>D559CCCE1BA462C80057CF17</key>
		<dict>
			<key>isa</key>
			<string>PBXFileReference</string>
			<key>lastKnownFileType</key>
			<string>sourcecode.c.h</string>
			<key>path</key>
			<string>UDNsdUtil.h</string>
			<key>sourceTree</key>
			<string>&lt;group&gt;</string>
		</dict>
		<key>D56ADE3E1C9AC21B00945B20</key>
		<dict>
			<key>fileEncoding</key>
			<string>4</string>
			<key>isa</key>
			<string>PBXFileReference</string>
			<key>lastKnownFileType</key>
			<string>sourcecode.c.h</string>
			<key>path</key>
			<string>UDFrameData.h</string>
			<key>sourceTree</key>
			<string>&lt;group&gt;</string>
		</dict>
		<key>D56ADE3F1C9AC21B00945B20</key>
		<dict>
			<key>fileEncoding</key>
			<string>4</string>
			<key>isa</key>
			<string>PBXFileReference</string>
			<key>lastKnownFileType</key>
			<string>sourcecode.c.objc</string>
			<key>path</key>
			<string>UDFrameData.m</string>
			<key>sourceTree</key>
			<string>&lt;group&gt;</string>
		</dict>
		<key>D56ADE401C9AC21B00945B20</key>
		<dict>
			<key>fileRef</key>
			<string>D56ADE3E1C9AC21B00945B20</string>
			<key>isa</key>
			<string>PBXBuildFile</string>
		</dict>
		<key>D56ADE411C9AC21B00945B20</key>
		<dict>
			<key>fileRef</key>
			<string>D56ADE3F1C9AC21B00945B20</string>
			<key>isa</key>
			<string>PBXBuildFile</string>
		</dict>
		<key>D583E0901C9EED040032E52D</key>
		<dict>
			<key>children</key>
			<array>
				<string>D56ADE3E1C9AC21B00945B20</string>
				<string>D56ADE3F1C9AC21B00945B20</string>
				<string>D583E0911C9EED2D0032E52D</string>
				<string>D583E0921C9EED2D0032E52D</string>
			</array>
			<key>isa</key>
			<string>PBXGroup</string>
			<key>name</key>
			<string>Cache</string>
			<key>sourceTree</key>
			<string>&lt;group&gt;</string>
		</dict>
		<key>D583E0911C9EED2D0032E52D</key>
		<dict>
			<key>fileEncoding</key>
			<string>4</string>
			<key>isa</key>
			<string>PBXFileReference</string>
			<key>lastKnownFileType</key>
			<string>sourcecode.c.h</string>
			<key>path</key>
			<string>UDFrameCache.h</string>
			<key>sourceTree</key>
			<string>&lt;group&gt;</string>
		</dict>
		<key>D583E0921C9EED2D0032E52D</key>
		<dict>
			<key>fileEncoding</key>
			<string>4</string>
			<key>isa</key>
			<string>PBXFileReference</string>
			<key>lastKnownFileType</key>
			<string>sourcecode.c.objc</string>
			<key>path</key>
			<string>UDFrameCache.m</string>
			<key>sourceTree</key>
			<string>&lt;group&gt;</string>
		</dict>
		<key>D583E0931C9EED2D0032E52D</key>
		<dict>
			<key>fileRef</key>
			<string>D583E0911C9EED2D0032E52D</string>
			<key>isa</key>
			<string>PBXBuildFile</string>
		</dict>
		<key>D583E0941C9EED2D0032E52D</key>
		<dict>
			<key>fileRef</key>
			<string>D583E0921C9EED2D0032E52D</string>
			<key>isa</key>
			<string>PBXBuildFile</string>
		</dict>
		<key>D594259E1BFC27C70069B5F8</key>
		<dict>
			<key>children</key>
			<array>
				<string>D5A364B51C2773BB0054DB0A</string>
				<string>D5A364B61C2773BB0054DB0A</string>
				<string>D59425A71BFC28EE0069B5F8</string>
				<string>D59425A81BFC28EE0069B5F8</string>
				<string>D59425A31BFC282F0069B5F8</string>
				<string>D59425A41BFC282F0069B5F8</string>
				<string>D59425AF1BFC2B370069B5F8</string>
				<string>D59425B01BFC2B370069B5F8</string>
				<string>D59425AB1BFC2B230069B5F8</string>
				<string>D59425AC1BFC2B230069B5F8</string>
			</array>
			<key>isa</key>
			<string>PBXGroup</string>
			<key>name</key>
			<string>Router</string>
			<key>sourceTree</key>
			<string>&lt;group&gt;</string>
		</dict>
		<key>D594259F1BFC27D30069B5F8</key>
		<dict>
			<key>fileEncoding</key>
			<string>4</string>
			<key>isa</key>
			<string>PBXFileReference</string>
			<key>lastKnownFileType</key>
			<string>sourcecode.c.h</string>
			<key>path</key>
			<string>Packets.pb.h</string>
			<key>sourceTree</key>
			<string>&lt;group&gt;</string>
		</dict>
		<key>D59425A01BFC27D30069B5F8</key>
		<dict>
			<key>fileEncoding</key>
			<string>4</string>
			<key>isa</key>
			<string>PBXFileReference</string>
			<key>lastKnownFileType</key>
			<string>sourcecode.c.objc</string>
			<key>path</key>
			<string>Packets.pb.m</string>
			<key>sourceTree</key>
			<string>&lt;group&gt;</string>
		</dict>
		<key>D59425A11BFC27D30069B5F8</key>
		<dict>
			<key>fileRef</key>
			<string>D594259F1BFC27D30069B5F8</string>
			<key>isa</key>
			<string>PBXBuildFile</string>
		</dict>
		<key>D59425A21BFC27D30069B5F8</key>
		<dict>
			<key>fileRef</key>
			<string>D59425A01BFC27D30069B5F8</string>
			<key>isa</key>
			<string>PBXBuildFile</string>
		</dict>
		<key>D59425A31BFC282F0069B5F8</key>
		<dict>
			<key>fileEncoding</key>
			<string>4</string>
			<key>isa</key>
			<string>PBXFileReference</string>
			<key>lastKnownFileType</key>
			<string>sourcecode.c.h</string>
			<key>path</key>
			<string>UDPacket.h</string>
			<key>sourceTree</key>
			<string>&lt;group&gt;</string>
		</dict>
		<key>D59425A41BFC282F0069B5F8</key>
		<dict>
			<key>fileEncoding</key>
			<string>4</string>
			<key>isa</key>
			<string>PBXFileReference</string>
			<key>lastKnownFileType</key>
			<string>sourcecode.c.objc</string>
			<key>path</key>
			<string>UDPacket.m</string>
			<key>sourceTree</key>
			<string>&lt;group&gt;</string>
		</dict>
		<key>D59425A51BFC282F0069B5F8</key>
		<dict>
			<key>fileRef</key>
			<string>D59425A31BFC282F0069B5F8</string>
			<key>isa</key>
			<string>PBXBuildFile</string>
		</dict>
		<key>D59425A61BFC282F0069B5F8</key>
		<dict>
			<key>fileRef</key>
			<string>D59425A41BFC282F0069B5F8</string>
			<key>isa</key>
			<string>PBXBuildFile</string>
		</dict>
		<key>D59425A71BFC28EE0069B5F8</key>
		<dict>
			<key>fileEncoding</key>
			<string>4</string>
			<key>isa</key>
			<string>PBXFileReference</string>
			<key>lastKnownFileType</key>
			<string>sourcecode.c.h</string>
			<key>path</key>
			<string>UDPacketKind.h</string>
			<key>sourceTree</key>
			<string>&lt;group&gt;</string>
		</dict>
		<key>D59425A81BFC28EE0069B5F8</key>
		<dict>
			<key>fileEncoding</key>
			<string>4</string>
			<key>isa</key>
			<string>PBXFileReference</string>
			<key>lastKnownFileType</key>
			<string>sourcecode.c.objc</string>
			<key>path</key>
			<string>UDPacketKind.m</string>
			<key>sourceTree</key>
			<string>&lt;group&gt;</string>
		</dict>
		<key>D59425A91BFC28EE0069B5F8</key>
		<dict>
			<key>fileRef</key>
			<string>D59425A71BFC28EE0069B5F8</string>
			<key>isa</key>
			<string>PBXBuildFile</string>
		</dict>
		<key>D59425AA1BFC28EE0069B5F8</key>
		<dict>
			<key>fileRef</key>
			<string>D59425A81BFC28EE0069B5F8</string>
			<key>isa</key>
			<string>PBXBuildFile</string>
		</dict>
		<key>D59425AB1BFC2B230069B5F8</key>
		<dict>
			<key>fileEncoding</key>
			<string>4</string>
			<key>isa</key>
			<string>PBXFileReference</string>
			<key>lastKnownFileType</key>
			<string>sourcecode.c.h</string>
			<key>path</key>
			<string>UDRouterImpl.h</string>
			<key>sourceTree</key>
			<string>&lt;group&gt;</string>
		</dict>
		<key>D59425AC1BFC2B230069B5F8</key>
		<dict>
			<key>fileEncoding</key>
			<string>4</string>
			<key>isa</key>
			<string>PBXFileReference</string>
			<key>lastKnownFileType</key>
			<string>sourcecode.c.objc</string>
			<key>path</key>
			<string>UDRouterImpl.m</string>
			<key>sourceTree</key>
			<string>&lt;group&gt;</string>
		</dict>
		<key>D59425AD1BFC2B230069B5F8</key>
		<dict>
			<key>fileRef</key>
			<string>D59425AB1BFC2B230069B5F8</string>
			<key>isa</key>
			<string>PBXBuildFile</string>
		</dict>
		<key>D59425AE1BFC2B230069B5F8</key>
		<dict>
			<key>fileRef</key>
			<string>D59425AC1BFC2B230069B5F8</string>
			<key>isa</key>
			<string>PBXBuildFile</string>
		</dict>
		<key>D59425AF1BFC2B370069B5F8</key>
		<dict>
			<key>fileEncoding</key>
			<string>4</string>
			<key>isa</key>
			<string>PBXFileReference</string>
			<key>lastKnownFileType</key>
			<string>sourcecode.c.h</string>
			<key>path</key>
			<string>UDRouter.h</string>
			<key>sourceTree</key>
			<string>&lt;group&gt;</string>
		</dict>
		<key>D59425B01BFC2B370069B5F8</key>
		<dict>
			<key>fileEncoding</key>
			<string>4</string>
			<key>isa</key>
			<string>PBXFileReference</string>
			<key>lastKnownFileType</key>
			<string>sourcecode.c.objc</string>
			<key>path</key>
			<string>UDRouter.m</string>
			<key>sourceTree</key>
			<string>&lt;group&gt;</string>
		</dict>
		<key>D59425B11BFC2B370069B5F8</key>
		<dict>
			<key>fileRef</key>
			<string>D59425AF1BFC2B370069B5F8</string>
			<key>isa</key>
			<string>PBXBuildFile</string>
		</dict>
		<key>D59425B21BFC2B370069B5F8</key>
		<dict>
			<key>fileRef</key>
			<string>D59425B01BFC2B370069B5F8</string>
			<key>isa</key>
			<string>PBXBuildFile</string>
		</dict>
		<key>D5983C301B46EEC000F7B6F9</key>
		<dict>
			<key>children</key>
			<array>
				<string>D51565C31B44233400101C06</string>
				<string>D51565C41B44233400101C06</string>
			</array>
			<key>isa</key>
			<string>PBXGroup</string>
			<key>name</key>
			<string>Logging</string>
			<key>sourceTree</key>
			<string>&lt;group&gt;</string>
		</dict>
		<key>D5983C311B46EF0600F7B6F9</key>
		<dict>
			<key>isa</key>
			<string>PBXFileReference</string>
			<key>lastKnownFileType</key>
			<string>sourcecode.c.h</string>
			<key>path</key>
			<string>UDLogger.h</string>
			<key>sourceTree</key>
			<string>&lt;group&gt;</string>
		</dict>
		<key>D5983C321B46EF0F00F7B6F9</key>
		<dict>
			<key>fileRef</key>
			<string>D5983C311B46EF0600F7B6F9</string>
			<key>isa</key>
			<string>PBXBuildFile</string>
			<key>settings</key>
			<dict>
				<key>ATTRIBUTES</key>
				<array>
					<string>Public</string>
				</array>
			</dict>
		</dict>
		<key>D5A364B51C2773BB0054DB0A</key>
		<dict>
			<key>fileEncoding</key>
			<string>4</string>
			<key>isa</key>
			<string>PBXFileReference</string>
			<key>lastKnownFileType</key>
			<string>sourcecode.c.h</string>
			<key>path</key>
			<string>Packet+Builders.h</string>
			<key>sourceTree</key>
			<string>&lt;group&gt;</string>
		</dict>
		<key>D5A364B61C2773BB0054DB0A</key>
		<dict>
			<key>fileEncoding</key>
			<string>4</string>
			<key>isa</key>
			<string>PBXFileReference</string>
			<key>lastKnownFileType</key>
			<string>sourcecode.c.objc</string>
			<key>path</key>
			<string>Packet+Builders.m</string>
			<key>sourceTree</key>
			<string>&lt;group&gt;</string>
		</dict>
		<key>D5A364B71C2773BB0054DB0A</key>
		<dict>
			<key>fileRef</key>
			<string>D5A364B51C2773BB0054DB0A</string>
			<key>isa</key>
			<string>PBXBuildFile</string>
		</dict>
		<key>D5A364B81C2773BB0054DB0A</key>
		<dict>
			<key>fileRef</key>
			<string>D5A364B61C2773BB0054DB0A</string>
			<key>isa</key>
			<string>PBXBuildFile</string>
		</dict>
		<key>D5A9B3271C9C04D50086DA93</key>
		<dict>
			<key>isa</key>
			<string>PBXFileReference</string>
			<key>lastKnownFileType</key>
			<string>sourcecode.c.h</string>
			<key>path</key>
			<string>UDChannel.h</string>
			<key>sourceTree</key>
			<string>&lt;group&gt;</string>
		</dict>
		<key>D5A9B3281C9C06F10086DA93</key>
		<dict>
			<key>isa</key>
			<string>PBXFileReference</string>
			<key>lastKnownFileType</key>
			<string>sourcecode.c.h</string>
			<key>path</key>
			<string>UDAdapter.h</string>
			<key>sourceTree</key>
			<string>&lt;group&gt;</string>
		</dict>
		<key>D5B889961C9AA6C500DCAEC5</key>
		<dict>
			<key>fileEncoding</key>
			<string>4</string>
			<key>isa</key>
			<string>PBXFileReference</string>
			<key>lastKnownFileType</key>
			<string>sourcecode.c.h</string>
			<key>path</key>
			<string>UDData.h</string>
			<key>sourceTree</key>
			<string>&lt;group&gt;</string>
		</dict>
		<key>D5B889971C9AA6C500DCAEC5</key>
		<dict>
			<key>fileRef</key>
			<string>D5B889961C9AA6C500DCAEC5</string>
			<key>isa</key>
			<string>PBXBuildFile</string>
			<key>settings</key>
			<dict>
				<key>ATTRIBUTES</key>
				<array>
					<string>Public</string>
				</array>
			</dict>
		</dict>
		<key>D5B889981C9AA92800DCAEC5</key>
		<dict>
			<key>children</key>
			<array>
				<string>D5B889961C9AA6C500DCAEC5</string>
				<string>D5B889991C9AA9B300DCAEC5</string>
				<string>D5B8899A1C9AA9B300DCAEC5</string>
				<string>D5B8899F1C9AABB300DCAEC5</string>
				<string>D5B889A01C9AABB300DCAEC5</string>
			</array>
			<key>isa</key>
			<string>PBXGroup</string>
			<key>name</key>
			<string>UDData</string>
			<key>sourceTree</key>
			<string>&lt;group&gt;</string>
		</dict>
		<key>D5B889991C9AA9B300DCAEC5</key>
		<dict>
			<key>fileEncoding</key>
			<string>4</string>
			<key>isa</key>
			<string>PBXFileReference</string>
			<key>lastKnownFileType</key>
			<string>sourcecode.c.h</string>
			<key>path</key>
			<string>UDMemoryData.h</string>
			<key>sourceTree</key>
			<string>&lt;group&gt;</string>
		</dict>
		<key>D5B8899A1C9AA9B300DCAEC5</key>
		<dict>
			<key>fileEncoding</key>
			<string>4</string>
			<key>isa</key>
			<string>PBXFileReference</string>
			<key>lastKnownFileType</key>
			<string>sourcecode.c.objc</string>
			<key>path</key>
			<string>UDMemoryData.m</string>
			<key>sourceTree</key>
			<string>&lt;group&gt;</string>
		</dict>
		<key>D5B8899B1C9AA9B300DCAEC5</key>
		<dict>
			<key>fileRef</key>
			<string>D5B889991C9AA9B300DCAEC5</string>
			<key>isa</key>
			<string>PBXBuildFile</string>
			<key>settings</key>
			<dict>
				<key>ATTRIBUTES</key>
				<array>
					<string>Public</string>
				</array>
			</dict>
		</dict>
		<key>D5B8899C1C9AA9B300DCAEC5</key>
		<dict>
			<key>fileRef</key>
			<string>D5B8899A1C9AA9B300DCAEC5</string>
			<key>isa</key>
			<string>PBXBuildFile</string>
		</dict>
		<key>D5B8899F1C9AABB300DCAEC5</key>
		<dict>
			<key>fileEncoding</key>
			<string>4</string>
			<key>isa</key>
			<string>PBXFileReference</string>
			<key>lastKnownFileType</key>
			<string>sourcecode.c.h</string>
			<key>path</key>
			<string>UDLazyData.h</string>
			<key>sourceTree</key>
			<string>&lt;group&gt;</string>
		</dict>
		<key>D5B889A01C9AABB300DCAEC5</key>
		<dict>
			<key>fileEncoding</key>
			<string>4</string>
			<key>isa</key>
			<string>PBXFileReference</string>
			<key>lastKnownFileType</key>
			<string>sourcecode.c.objc</string>
			<key>path</key>
			<string>UDLazyData.m</string>
			<key>sourceTree</key>
			<string>&lt;group&gt;</string>
		</dict>
		<key>D5B889A11C9AABB300DCAEC5</key>
		<dict>
			<key>fileRef</key>
			<string>D5B8899F1C9AABB300DCAEC5</string>
			<key>isa</key>
			<string>PBXBuildFile</string>
			<key>settings</key>
			<dict>
				<key>ATTRIBUTES</key>
				<array>
					<string>Public</string>
				</array>
			</dict>
		</dict>
		<key>D5B889A21C9AABB300DCAEC5</key>
		<dict>
			<key>fileRef</key>
			<string>D5B889A01C9AABB300DCAEC5</string>
			<key>isa</key>
			<string>PBXBuildFile</string>
		</dict>
		<key>D5C7DA2F1BA5A525009DDD00</key>
		<dict>
			<key>fileEncoding</key>
			<string>4</string>
			<key>isa</key>
			<string>PBXFileReference</string>
			<key>lastKnownFileType</key>
			<string>sourcecode.c.h</string>
			<key>path</key>
			<string>UDNsdChannel.h</string>
			<key>sourceTree</key>
			<string>&lt;group&gt;</string>
		</dict>
		<key>D5C7DA301BA5A525009DDD00</key>
		<dict>
			<key>fileEncoding</key>
			<string>4</string>
			<key>isa</key>
			<string>PBXFileReference</string>
			<key>lastKnownFileType</key>
			<string>sourcecode.c.objc</string>
			<key>path</key>
			<string>UDNsdChannel.m</string>
			<key>sourceTree</key>
			<string>&lt;group&gt;</string>
		</dict>
		<key>D5C7DA311BA5A525009DDD00</key>
		<dict>
			<key>fileRef</key>
			<string>D5C7DA2F1BA5A525009DDD00</string>
			<key>isa</key>
			<string>PBXBuildFile</string>
		</dict>
		<key>D5C7DA321BA5A525009DDD00</key>
		<dict>
			<key>fileRef</key>
			<string>D5C7DA301BA5A525009DDD00</string>
			<key>isa</key>
			<string>PBXBuildFile</string>
		</dict>
		<key>D5C7DA341BA5FB30009DDD00</key>
		<dict>
			<key>fileEncoding</key>
			<string>4</string>
			<key>isa</key>
			<string>PBXFileReference</string>
			<key>lastKnownFileType</key>
			<string>sourcecode.c.objc</string>
			<key>path</key>
			<string>UDNsdServerTests.m</string>
			<key>sourceTree</key>
			<string>&lt;group&gt;</string>
		</dict>
		<key>D5C7DA351BA5FB30009DDD00</key>
		<dict>
			<key>fileRef</key>
			<string>D5C7DA341BA5FB30009DDD00</string>
			<key>isa</key>
			<string>PBXBuildFile</string>
		</dict>
		<key>D5C9426D1C0C56D400949913</key>
		<dict>
			<key>fileEncoding</key>
			<string>4</string>
			<key>isa</key>
			<string>PBXFileReference</string>
			<key>lastKnownFileType</key>
			<string>sourcecode.c.h</string>
			<key>path</key>
			<string>UDUtil.h</string>
			<key>sourceTree</key>
			<string>&lt;group&gt;</string>
		</dict>
		<key>D5C9426E1C0C56D400949913</key>
		<dict>
			<key>fileEncoding</key>
			<string>4</string>
			<key>isa</key>
			<string>PBXFileReference</string>
			<key>lastKnownFileType</key>
			<string>sourcecode.c.objc</string>
			<key>path</key>
			<string>UDUtil.m</string>
			<key>sourceTree</key>
			<string>&lt;group&gt;</string>
		</dict>
		<key>D5C9426F1C0C56D400949913</key>
		<dict>
			<key>fileRef</key>
			<string>D5C9426D1C0C56D400949913</string>
			<key>isa</key>
			<string>PBXBuildFile</string>
			<key>settings</key>
			<dict>
				<key>ATTRIBUTES</key>
				<array>
					<string>Public</string>
				</array>
			</dict>
		</dict>
		<key>D5C942701C0C56D400949913</key>
		<dict>
			<key>fileRef</key>
			<string>D5C9426E1C0C56D400949913</string>
			<key>isa</key>
			<string>PBXBuildFile</string>
		</dict>
		<key>D5DDCE881B430F21007B8E3E</key>
		<dict>
			<key>children</key>
			<array>
				<string>D5DDCE941B430F21007B8E3E</string>
				<string>D5DDCEA11B430F21007B8E3E</string>
				<string>D5DDCEBB1B431257007B8E3E</string>
				<string>D5DDCE931B430F21007B8E3E</string>
				<string>EA3E80C195227F465C8A9E1C</string>
				<string>F1FCBAC4CA5D41198528A219</string>
			</array>
			<key>isa</key>
			<string>PBXGroup</string>
			<key>sourceTree</key>
			<string>&lt;group&gt;</string>
		</dict>
		<key>D5DDCE891B430F21007B8E3E</key>
		<dict>
			<key>attributes</key>
			<dict>
				<key>CLASSPREFIX</key>
				<string>UD</string>
				<key>LastUpgradeCheck</key>
				<string>0700</string>
				<key>ORGANIZATIONNAME</key>
				<string>Underdark</string>
				<key>TargetAttributes</key>
				<dict>
					<key>D528C58A1B44567B00E4FC8C</key>
					<dict>
						<key>CreatedOnToolsVersion</key>
						<string>6.4</string>
					</dict>
					<key>D5DDCE911B430F21007B8E3E</key>
					<dict>
						<key>CreatedOnToolsVersion</key>
						<string>6.4</string>
					</dict>
					<key>D5DDCE9C1B430F21007B8E3E</key>
					<dict>
						<key>CreatedOnToolsVersion</key>
						<string>6.4</string>
					</dict>
				</dict>
			</dict>
			<key>buildConfigurationList</key>
			<string>D5DDCE8C1B430F21007B8E3E</string>
			<key>compatibilityVersion</key>
			<string>Xcode 3.2</string>
			<key>developmentRegion</key>
			<string>English</string>
			<key>hasScannedForEncodings</key>
			<string>0</string>
			<key>isa</key>
			<string>PBXProject</string>
			<key>knownRegions</key>
			<array>
				<string>en</string>
			</array>
			<key>mainGroup</key>
			<string>D5DDCE881B430F21007B8E3E</string>
			<key>productRefGroup</key>
			<string>D5DDCE931B430F21007B8E3E</string>
			<key>projectDirPath</key>
			<string></string>
			<key>projectReferences</key>
			<array/>
			<key>projectRoot</key>
			<string></string>
			<key>targets</key>
			<array>
				<string>D5DDCE911B430F21007B8E3E</string>
				<string>D5DDCE9C1B430F21007B8E3E</string>
				<string>D528C58A1B44567B00E4FC8C</string>
			</array>
		</dict>
		<key>D5DDCE8C1B430F21007B8E3E</key>
		<dict>
			<key>buildConfigurations</key>
			<array>
				<string>D5DDCEA61B430F21007B8E3E</string>
				<string>D5DDCEA71B430F21007B8E3E</string>
			</array>
			<key>defaultConfigurationIsVisible</key>
			<string>0</string>
			<key>defaultConfigurationName</key>
			<string>Release</string>
			<key>isa</key>
			<string>XCConfigurationList</string>
		</dict>
		<key>D5DDCE8D1B430F21007B8E3E</key>
		<dict>
			<key>buildActionMask</key>
			<string>2147483647</string>
			<key>files</key>
			<array>
				<string>D51FA4431C9C4B37006DF80D</string>
				<string>D50655501B4323D8002D192D</string>
				<string>D5A364B81C2773BB0054DB0A</string>
				<string>D51FA4411C9C4826006DF80D</string>
				<string>D506554E1B4323D8002D192D</string>
				<string>D5C942701C0C56D400949913</string>
				<string>D5B8899C1C9AA9B300DCAEC5</string>
				<string>D50655361B4323D7002D192D</string>
				<string>D51FA43D1C9C47EC006DF80D</string>
				<string>D583E0941C9EED2D0032E52D</string>
				<string>D50A92571B48583A003F9B38</string>
				<string>D59425AE1BFC2B230069B5F8</string>
				<string>D528C5A01B44895500E4FC8C</string>
				<string>D5C7DA321BA5A525009DDD00</string>
				<string>D59425AA1BFC28EE0069B5F8</string>
				<string>D528C5A21B44895500E4FC8C</string>
				<string>D56ADE411C9AC21B00945B20</string>
				<string>D59425B21BFC2B370069B5F8</string>
				<string>D5B889A21C9AABB300DCAEC5</string>
				<string>D559CCCD1BA462B90057CF17</string>
				<string>D50A924C1B471432003F9B38</string>
				<string>D50655321B4323D7002D192D</string>
				<string>D528C59E1B44895500E4FC8C</string>
				<string>D59425A21BFC27D30069B5F8</string>
				<string>D506554A1B4323D7002D192D</string>
				<string>D51565D31B442E1D00101C06</string>
				<string>D51565C61B44233400101C06</string>
				<string>D51565DB1B4432DC00101C06</string>
				<string>D559CCCB1BA3256E0057CF17</string>
				<string>D59425A61BFC282F0069B5F8</string>
				<string>D50655521B4323D8002D192D</string>
				<string>D50655541B4323D8002D192D</string>
				<string>D50A92481B471421003F9B38</string>
				<string>D50655341B4323D7002D192D</string>
				<string>373C283730F845BF75B511A0</string>
				<string>373C2A3715A6B64DAE8714B7</string>
				<string>D545B3651C9C83A100657FFD</string>
				<string>373C2ED7897748DF23D3DF8B</string>
				<string>373C24F8F2B23BAC5F598C11</string>
			</array>
			<key>isa</key>
			<string>PBXSourcesBuildPhase</string>
			<key>runOnlyForDeploymentPostprocessing</key>
			<string>0</string>
		</dict>
		<key>D5DDCE8E1B430F21007B8E3E</key>
		<dict>
			<key>buildActionMask</key>
			<string>2147483647</string>
			<key>files</key>
			<array>
				<string>7723EE64FC0F9C8F3FF4CC38</string>
			</array>
			<key>isa</key>
			<string>PBXFrameworksBuildPhase</string>
			<key>runOnlyForDeploymentPostprocessing</key>
			<string>0</string>
		</dict>
		<key>D5DDCE8F1B430F21007B8E3E</key>
		<dict>
			<key>buildActionMask</key>
			<string>2147483647</string>
			<key>files</key>
			<array>
				<string>D528C59C1B44895500E4FC8C</string>
				<string>D5B8899B1C9AA9B300DCAEC5</string>
				<string>D528C59D1B44895500E4FC8C</string>
				<string>D51FA43C1C9C47EC006DF80D</string>
				<string>D51FA4401C9C4826006DF80D</string>
				<string>D528C5A41B448A0400E4FC8C</string>
				<string>D528C59F1B44895500E4FC8C</string>
				<string>D528C5A51B448A0400E4FC8C</string>
				<string>D528C5A11B44895500E4FC8C</string>
				<string>D50A924B1B471432003F9B38</string>
				<string>D528C5A61B448A0400E4FC8C</string>
				<string>D528C5A31B44895500E4FC8C</string>
				<string>D50655531B4323D8002D192D</string>
				<string>D545B3641C9C83A100657FFD</string>
				<string>D5287AB21B485FB7002A0B5E</string>
				<string>D59425A91BFC28EE0069B5F8</string>
				<string>D5A364B71C2773BB0054DB0A</string>
				<string>D51565DA1B4432DC00101C06</string>
				<string>D50655311B4323D7002D192D</string>
				<string>D51565C51B44233400101C06</string>
				<string>D559CCCA1BA3256E0057CF17</string>
				<string>D56ADE401C9AC21B00945B20</string>
				<string>D50A92471B471421003F9B38</string>
				<string>D506554F1B4323D8002D192D</string>
				<string>D50655331B4323D7002D192D</string>
				<string>D51FA4381C9C4554006DF80D</string>
				<string>D50A92561B48583A003F9B38</string>
				<string>D50655511B4323D8002D192D</string>
				<string>D59425A11BFC27D30069B5F8</string>
				<string>D506554D1B4323D7002D192D</string>
				<string>D5983C321B46EF0F00F7B6F9</string>
				<string>D5B889971C9AA6C500DCAEC5</string>
				<string>D5C7DA311BA5A525009DDD00</string>
				<string>D59425B11BFC2B370069B5F8</string>
				<string>D5C9426F1C0C56D400949913</string>
				<string>D50655491B4323D7002D192D</string>
				<string>D50655351B4323D7002D192D</string>
				<string>D51565D21B442E1D00101C06</string>
				<string>D5B889A11C9AABB300DCAEC5</string>
				<string>373C2980A17274938C7679C9</string>
				<string>373C2F3ECEDA842FDC866B59</string>
				<string>D59425A51BFC282F0069B5F8</string>
				<string>D583E0931C9EED2D0032E52D</string>
				<string>373C2A2C15C0B210ADBEEC3C</string>
				<string>D59425AD1BFC2B230069B5F8</string>
				<string>373C217E5BA05C9ACD8C3CA1</string>
			</array>
			<key>isa</key>
			<string>PBXHeadersBuildPhase</string>
			<key>runOnlyForDeploymentPostprocessing</key>
			<string>0</string>
		</dict>
		<key>D5DDCE901B430F21007B8E3E</key>
		<dict>
			<key>buildActionMask</key>
			<string>2147483647</string>
			<key>files</key>
			<array/>
			<key>isa</key>
			<string>PBXResourcesBuildPhase</string>
			<key>runOnlyForDeploymentPostprocessing</key>
			<string>0</string>
		</dict>
		<key>D5DDCE911B430F21007B8E3E</key>
		<dict>
			<key>buildConfigurationList</key>
			<string>D5DDCEA81B430F21007B8E3E</string>
			<key>buildPhases</key>
			<array>
				<string>7441B5CE9FAC6F7230A21FE0</string>
				<string>D50655011B4322F8002D192D</string>
				<string>D5DDCE8D1B430F21007B8E3E</string>
				<string>D5DDCE8E1B430F21007B8E3E</string>
				<string>D5DDCE8F1B430F21007B8E3E</string>
				<string>D5DDCE901B430F21007B8E3E</string>
				<string>92BC5D7F78874E250A3A6AE5</string>
			</array>
			<key>buildRules</key>
			<array/>
			<key>dependencies</key>
			<array/>
			<key>isa</key>
			<string>PBXNativeTarget</string>
			<key>name</key>
			<string>Underdark</string>
			<key>productName</key>
			<string>Underdark</string>
			<key>productReference</key>
			<string>D5DDCE921B430F21007B8E3E</string>
			<key>productType</key>
			<string>com.apple.product-type.framework</string>
		</dict>
		<key>D5DDCE921B430F21007B8E3E</key>
		<dict>
			<key>explicitFileType</key>
			<string>wrapper.framework</string>
			<key>includeInIndex</key>
			<string>0</string>
			<key>isa</key>
			<string>PBXFileReference</string>
			<key>path</key>
			<string>Underdark.framework</string>
			<key>sourceTree</key>
			<string>BUILT_PRODUCTS_DIR</string>
		</dict>
		<key>D5DDCE931B430F21007B8E3E</key>
		<dict>
			<key>children</key>
			<array>
				<string>D5DDCE921B430F21007B8E3E</string>
				<string>D5DDCE9D1B430F21007B8E3E</string>
			</array>
			<key>isa</key>
			<string>PBXGroup</string>
			<key>name</key>
			<string>Products</string>
			<key>sourceTree</key>
			<string>&lt;group&gt;</string>
		</dict>
		<key>D5DDCE941B430F21007B8E3E</key>
		<dict>
			<key>children</key>
			<array>
				<string>D539EC7E1B45555A00A7D6E9</string>
				<string>D528C5931B44895500E4FC8C</string>
				<string>D51FA4351C9C4532006DF80D</string>
				<string>D50655581B432416002D192D</string>
				<string>D594259E1BFC27C70069B5F8</string>
				<string>D51565C21B44230300101C06</string>
				<string>D50655591B432425002D192D</string>
				<string>D51565C71B442E1000101C06</string>
				<string>D5DDCE951B430F21007B8E3E</string>
			</array>
			<key>isa</key>
			<string>PBXGroup</string>
			<key>path</key>
			<string>Underdark</string>
			<key>sourceTree</key>
			<string>&lt;group&gt;</string>
		</dict>
		<key>D5DDCE951B430F21007B8E3E</key>
		<dict>
			<key>children</key>
			<array>
				<string>D5DDCE961B430F21007B8E3E</string>
			</array>
			<key>isa</key>
			<string>PBXGroup</string>
			<key>name</key>
			<string>Supporting Files</string>
			<key>sourceTree</key>
			<string>&lt;group&gt;</string>
		</dict>
		<key>D5DDCE961B430F21007B8E3E</key>
		<dict>
			<key>isa</key>
			<string>PBXFileReference</string>
			<key>lastKnownFileType</key>
			<string>text.plist.xml</string>
			<key>path</key>
			<string>Info.plist</string>
			<key>sourceTree</key>
			<string>&lt;group&gt;</string>
		</dict>
		<key>D5DDCE991B430F21007B8E3E</key>
		<dict>
			<key>buildActionMask</key>
			<string>2147483647</string>
			<key>files</key>
			<array>
				<string>D507B6AC1BFD07E500788BA1</string>
				<string>D5DDCEA51B430F21007B8E3E</string>
				<string>D507B6AB1BFD07E500788BA1</string>
				<string>D51FA4461C9C5672006DF80D</string>
				<string>D5C7DA351BA5FB30009DDD00</string>
				<string>D507B6AD1BFD07E500788BA1</string>
				<string>D507B6AA1BFD07E500788BA1</string>
				<string>D507B69D1BFCFFED00788BA1</string>
				<string>D507B6A91BFD07E500788BA1</string>
			</array>
			<key>isa</key>
			<string>PBXSourcesBuildPhase</string>
			<key>runOnlyForDeploymentPostprocessing</key>
			<string>0</string>
		</dict>
		<key>D5DDCE9A1B430F21007B8E3E</key>
		<dict>
			<key>buildActionMask</key>
			<string>2147483647</string>
			<key>files</key>
			<array>
				<string>D5DDCE9E1B430F21007B8E3E</string>
				<string>6EC09173A08BCFB48B6F7F07</string>
				<string>BAEB0E4F3125CCDE4FA88D68</string>
			</array>
			<key>isa</key>
			<string>PBXFrameworksBuildPhase</string>
			<key>runOnlyForDeploymentPostprocessing</key>
			<string>0</string>
		</dict>
		<key>D5DDCE9B1B430F21007B8E3E</key>
		<dict>
			<key>buildActionMask</key>
			<string>2147483647</string>
			<key>files</key>
			<array/>
			<key>isa</key>
			<string>PBXResourcesBuildPhase</string>
			<key>runOnlyForDeploymentPostprocessing</key>
			<string>0</string>
		</dict>
		<key>D5DDCE9C1B430F21007B8E3E</key>
		<dict>
			<key>buildConfigurationList</key>
			<string>D5DDCEAB1B430F21007B8E3E</string>
			<key>buildPhases</key>
			<array>
				<string>254EB093935DAF364917F069</string>
				<string>D5DDCE991B430F21007B8E3E</string>
				<string>D5DDCE9A1B430F21007B8E3E</string>
				<string>D5DDCE9B1B430F21007B8E3E</string>
				<string>B85BC8EA896FB69DADF526E0</string>
				<string>A9644A1AC8A714142489E67F</string>
			</array>
			<key>buildRules</key>
			<array/>
			<key>dependencies</key>
			<array>
				<string>D5DDCEA01B430F21007B8E3E</string>
			</array>
			<key>isa</key>
			<string>PBXNativeTarget</string>
			<key>name</key>
			<string>UnderdarkTests</string>
			<key>productName</key>
			<string>UnderdarkTests</string>
			<key>productReference</key>
			<string>D5DDCE9D1B430F21007B8E3E</string>
			<key>productType</key>
			<string>com.apple.product-type.bundle.unit-test</string>
		</dict>
		<key>D5DDCE9D1B430F21007B8E3E</key>
		<dict>
			<key>explicitFileType</key>
			<string>wrapper.cfbundle</string>
			<key>includeInIndex</key>
			<string>0</string>
			<key>isa</key>
			<string>PBXFileReference</string>
			<key>path</key>
			<string>UnderdarkTests.xctest</string>
			<key>sourceTree</key>
			<string>BUILT_PRODUCTS_DIR</string>
		</dict>
		<key>D5DDCE9E1B430F21007B8E3E</key>
		<dict>
			<key>fileRef</key>
			<string>D5DDCE921B430F21007B8E3E</string>
			<key>isa</key>
			<string>PBXBuildFile</string>
		</dict>
		<key>D5DDCE9F1B430F21007B8E3E</key>
		<dict>
			<key>containerPortal</key>
			<string>D5DDCE891B430F21007B8E3E</string>
			<key>isa</key>
			<string>PBXContainerItemProxy</string>
			<key>proxyType</key>
			<string>1</string>
			<key>remoteGlobalIDString</key>
			<string>D5DDCE911B430F21007B8E3E</string>
			<key>remoteInfo</key>
			<string>Underdark</string>
		</dict>
		<key>D5DDCEA01B430F21007B8E3E</key>
		<dict>
			<key>isa</key>
			<string>PBXTargetDependency</string>
			<key>target</key>
			<string>D5DDCE911B430F21007B8E3E</string>
			<key>targetProxy</key>
			<string>D5DDCE9F1B430F21007B8E3E</string>
		</dict>
		<key>D5DDCEA11B430F21007B8E3E</key>
		<dict>
			<key>children</key>
			<array>
				<string>D51FA4441C9C5654006DF80D</string>
				<string>D507B69E1BFD022000788BA1</string>
				<string>D507B69C1BFCFFED00788BA1</string>
				<string>D5DDCEA41B430F21007B8E3E</string>
				<string>D5C7DA341BA5FB30009DDD00</string>
				<string>D5DDCEA21B430F21007B8E3E</string>
			</array>
			<key>isa</key>
			<string>PBXGroup</string>
			<key>path</key>
			<string>UnderdarkTests</string>
			<key>sourceTree</key>
			<string>&lt;group&gt;</string>
		</dict>
		<key>D5DDCEA21B430F21007B8E3E</key>
		<dict>
			<key>children</key>
			<array>
				<string>D5DDCEA31B430F21007B8E3E</string>
			</array>
			<key>isa</key>
			<string>PBXGroup</string>
			<key>name</key>
			<string>Supporting Files</string>
			<key>sourceTree</key>
			<string>&lt;group&gt;</string>
		</dict>
		<key>D5DDCEA31B430F21007B8E3E</key>
		<dict>
			<key>isa</key>
			<string>PBXFileReference</string>
			<key>lastKnownFileType</key>
			<string>text.plist.xml</string>
			<key>path</key>
			<string>Info.plist</string>
			<key>sourceTree</key>
			<string>&lt;group&gt;</string>
		</dict>
		<key>D5DDCEA41B430F21007B8E3E</key>
		<dict>
			<key>isa</key>
			<string>PBXFileReference</string>
			<key>lastKnownFileType</key>
			<string>sourcecode.c.objc</string>
			<key>path</key>
			<string>UDNsdBrowserTests.m</string>
			<key>sourceTree</key>
			<string>&lt;group&gt;</string>
		</dict>
		<key>D5DDCEA51B430F21007B8E3E</key>
		<dict>
			<key>fileRef</key>
			<string>D5DDCEA41B430F21007B8E3E</string>
			<key>isa</key>
			<string>PBXBuildFile</string>
		</dict>
		<key>D5DDCEA61B430F21007B8E3E</key>
		<dict>
			<key>buildSettings</key>
			<dict>
				<key>ALWAYS_SEARCH_USER_PATHS</key>
				<string>NO</string>
				<key>CLANG_CXX_LANGUAGE_STANDARD</key>
				<string>gnu++0x</string>
				<key>CLANG_CXX_LIBRARY</key>
				<string>libc++</string>
				<key>CLANG_ENABLE_MODULES</key>
				<string>YES</string>
				<key>CLANG_ENABLE_OBJC_ARC</key>
				<string>YES</string>
				<key>CLANG_WARN_BOOL_CONVERSION</key>
				<string>YES</string>
				<key>CLANG_WARN_CONSTANT_CONVERSION</key>
				<string>YES</string>
				<key>CLANG_WARN_DIRECT_OBJC_ISA_USAGE</key>
				<string>YES_ERROR</string>
				<key>CLANG_WARN_EMPTY_BODY</key>
				<string>YES</string>
				<key>CLANG_WARN_ENUM_CONVERSION</key>
				<string>YES</string>
				<key>CLANG_WARN_INT_CONVERSION</key>
				<string>YES</string>
				<key>CLANG_WARN_OBJC_ROOT_CLASS</key>
				<string>YES_ERROR</string>
				<key>CLANG_WARN_UNREACHABLE_CODE</key>
				<string>YES</string>
				<key>CLANG_WARN__DUPLICATE_METHOD_MATCH</key>
				<string>YES</string>
				<key>CODE_SIGN_IDENTITY[sdk=iphoneos*]</key>
				<string>iPhone Developer</string>
				<key>COPY_PHASE_STRIP</key>
				<string>NO</string>
				<key>CURRENT_PROJECT_VERSION</key>
				<string>1</string>
				<key>DEBUG_INFORMATION_FORMAT</key>
				<string>dwarf-with-dsym</string>
				<key>ENABLE_STRICT_OBJC_MSGSEND</key>
				<string>YES</string>
				<key>ENABLE_TESTABILITY</key>
				<string>YES</string>
				<key>GCC_C_LANGUAGE_STANDARD</key>
				<string>gnu99</string>
				<key>GCC_DYNAMIC_NO_PIC</key>
				<string>NO</string>
				<key>GCC_NO_COMMON_BLOCKS</key>
				<string>YES</string>
				<key>GCC_OPTIMIZATION_LEVEL</key>
				<string>0</string>
				<key>GCC_PREPROCESSOR_DEFINITIONS</key>
				<array>
					<string>DEBUG=1</string>
					<string>$(inherited)</string>
				</array>
				<key>GCC_SYMBOLS_PRIVATE_EXTERN</key>
				<string>NO</string>
				<key>GCC_WARN_64_TO_32_BIT_CONVERSION</key>
				<string>YES</string>
				<key>GCC_WARN_ABOUT_RETURN_TYPE</key>
				<string>YES_ERROR</string>
				<key>GCC_WARN_UNDECLARED_SELECTOR</key>
				<string>YES</string>
				<key>GCC_WARN_UNINITIALIZED_AUTOS</key>
				<string>YES_AGGRESSIVE</string>
				<key>GCC_WARN_UNUSED_FUNCTION</key>
				<string>YES</string>
				<key>GCC_WARN_UNUSED_VARIABLE</key>
				<string>YES</string>
				<key>IPHONEOS_DEPLOYMENT_TARGET</key>
				<string>8.1</string>
				<key>MTL_ENABLE_DEBUG_INFO</key>
				<string>YES</string>
				<key>ONLY_ACTIVE_ARCH</key>
				<string>YES</string>
				<key>SDKROOT</key>
				<string>iphoneos</string>
				<key>TARGETED_DEVICE_FAMILY</key>
				<string>1,2</string>
				<key>VERSIONING_SYSTEM</key>
				<string>apple-generic</string>
				<key>VERSION_INFO_PREFIX</key>
				<string></string>
			</dict>
			<key>isa</key>
			<string>XCBuildConfiguration</string>
			<key>name</key>
			<string>Debug</string>
		</dict>
		<key>D5DDCEA71B430F21007B8E3E</key>
		<dict>
			<key>buildSettings</key>
			<dict>
				<key>ALWAYS_SEARCH_USER_PATHS</key>
				<string>NO</string>
				<key>CLANG_CXX_LANGUAGE_STANDARD</key>
				<string>gnu++0x</string>
				<key>CLANG_CXX_LIBRARY</key>
				<string>libc++</string>
				<key>CLANG_ENABLE_MODULES</key>
				<string>YES</string>
				<key>CLANG_ENABLE_OBJC_ARC</key>
				<string>YES</string>
				<key>CLANG_WARN_BOOL_CONVERSION</key>
				<string>YES</string>
				<key>CLANG_WARN_CONSTANT_CONVERSION</key>
				<string>YES</string>
				<key>CLANG_WARN_DIRECT_OBJC_ISA_USAGE</key>
				<string>YES_ERROR</string>
				<key>CLANG_WARN_EMPTY_BODY</key>
				<string>YES</string>
				<key>CLANG_WARN_ENUM_CONVERSION</key>
				<string>YES</string>
				<key>CLANG_WARN_INT_CONVERSION</key>
				<string>YES</string>
				<key>CLANG_WARN_OBJC_ROOT_CLASS</key>
				<string>YES_ERROR</string>
				<key>CLANG_WARN_UNREACHABLE_CODE</key>
				<string>YES</string>
				<key>CLANG_WARN__DUPLICATE_METHOD_MATCH</key>
				<string>YES</string>
				<key>CODE_SIGN_IDENTITY[sdk=iphoneos*]</key>
				<string>iPhone Developer</string>
				<key>COPY_PHASE_STRIP</key>
				<string>NO</string>
				<key>CURRENT_PROJECT_VERSION</key>
				<string>1</string>
				<key>DEBUG_INFORMATION_FORMAT</key>
				<string>dwarf-with-dsym</string>
				<key>ENABLE_NS_ASSERTIONS</key>
				<string>NO</string>
				<key>ENABLE_STRICT_OBJC_MSGSEND</key>
				<string>YES</string>
				<key>GCC_C_LANGUAGE_STANDARD</key>
				<string>gnu99</string>
				<key>GCC_NO_COMMON_BLOCKS</key>
				<string>YES</string>
				<key>GCC_WARN_64_TO_32_BIT_CONVERSION</key>
				<string>YES</string>
				<key>GCC_WARN_ABOUT_RETURN_TYPE</key>
				<string>YES_ERROR</string>
				<key>GCC_WARN_UNDECLARED_SELECTOR</key>
				<string>YES</string>
				<key>GCC_WARN_UNINITIALIZED_AUTOS</key>
				<string>YES_AGGRESSIVE</string>
				<key>GCC_WARN_UNUSED_FUNCTION</key>
				<string>YES</string>
				<key>GCC_WARN_UNUSED_VARIABLE</key>
				<string>YES</string>
				<key>IPHONEOS_DEPLOYMENT_TARGET</key>
				<string>8.1</string>
				<key>MTL_ENABLE_DEBUG_INFO</key>
				<string>NO</string>
				<key>SDKROOT</key>
				<string>iphoneos</string>
				<key>TARGETED_DEVICE_FAMILY</key>
				<string>1,2</string>
				<key>VALIDATE_PRODUCT</key>
				<string>YES</string>
				<key>VERSIONING_SYSTEM</key>
				<string>apple-generic</string>
				<key>VERSION_INFO_PREFIX</key>
				<string></string>
			</dict>
			<key>isa</key>
			<string>XCBuildConfiguration</string>
			<key>name</key>
			<string>Release</string>
		</dict>
		<key>D5DDCEA81B430F21007B8E3E</key>
		<dict>
			<key>buildConfigurations</key>
			<array>
				<string>D5DDCEA91B430F21007B8E3E</string>
				<string>D5DDCEAA1B430F21007B8E3E</string>
			</array>
			<key>defaultConfigurationIsVisible</key>
			<string>0</string>
			<key>defaultConfigurationName</key>
			<string>Release</string>
			<key>isa</key>
			<string>XCConfigurationList</string>
		</dict>
		<key>D5DDCEA91B430F21007B8E3E</key>
		<dict>
			<key>baseConfigurationReference</key>
			<string>DB5439547293491E288D9B18</string>
			<key>buildSettings</key>
			<dict>
				<key>DEFINES_MODULE</key>
				<string>YES</string>
				<key>DYLIB_COMPATIBILITY_VERSION</key>
				<string>1</string>
				<key>DYLIB_CURRENT_VERSION</key>
				<string>1</string>
				<key>DYLIB_INSTALL_NAME_BASE</key>
				<string>@rpath</string>
				<key>INFOPLIST_FILE</key>
				<string>Underdark/Info.plist</string>
				<key>PRODUCT_BUNDLE_IDENTIFIER</key>
				<string>io.underdark.lib</string>
				<key>PRODUCT_NAME</key>
				<string>$(TARGET_NAME)</string>
				<key>SKIP_INSTALL</key>
				<string>YES</string>
			</dict>
			<key>isa</key>
			<string>XCBuildConfiguration</string>
			<key>name</key>
			<string>Debug</string>
		</dict>
		<key>D5DDCEAA1B430F21007B8E3E</key>
		<dict>
			<key>baseConfigurationReference</key>
			<string>1E0A05D00306112B07A1AAEA</string>
			<key>buildSettings</key>
			<dict>
				<key>DEFINES_MODULE</key>
				<string>YES</string>
				<key>DYLIB_COMPATIBILITY_VERSION</key>
				<string>1</string>
				<key>DYLIB_CURRENT_VERSION</key>
				<string>1</string>
				<key>DYLIB_INSTALL_NAME_BASE</key>
				<string>@rpath</string>
				<key>INFOPLIST_FILE</key>
				<string>Underdark/Info.plist</string>
				<key>PRODUCT_BUNDLE_IDENTIFIER</key>
				<string>io.underdark.lib</string>
				<key>PRODUCT_NAME</key>
				<string>$(TARGET_NAME)</string>
				<key>SKIP_INSTALL</key>
				<string>YES</string>
			</dict>
			<key>isa</key>
			<string>XCBuildConfiguration</string>
			<key>name</key>
			<string>Release</string>
		</dict>
		<key>D5DDCEAB1B430F21007B8E3E</key>
		<dict>
			<key>buildConfigurations</key>
			<array>
				<string>D5DDCEAC1B430F21007B8E3E</string>
				<string>D5DDCEAD1B430F21007B8E3E</string>
			</array>
			<key>defaultConfigurationIsVisible</key>
			<string>0</string>
			<key>defaultConfigurationName</key>
			<string>Release</string>
			<key>isa</key>
			<string>XCConfigurationList</string>
		</dict>
		<key>D5DDCEAC1B430F21007B8E3E</key>
		<dict>
			<key>baseConfigurationReference</key>
			<string>DB5439547293491E288D9B18</string>
			<key>buildSettings</key>
			<dict>
				<key>GCC_PREPROCESSOR_DEFINITIONS</key>
				<array>
					<string>DEBUG=1</string>
					<string>$(inherited)</string>
				</array>
				<key>INFOPLIST_FILE</key>
				<string>UnderdarkTests/Info.plist</string>
				<key>LD_RUNPATH_SEARCH_PATHS</key>
				<string>$(inherited) @executable_path/Frameworks @loader_path/Frameworks</string>
				<key>PRODUCT_BUNDLE_IDENTIFIER</key>
				<string>io.underdark.$(PRODUCT_NAME:rfc1034identifier)</string>
				<key>PRODUCT_NAME</key>
				<string>$(TARGET_NAME)</string>
			</dict>
			<key>isa</key>
			<string>XCBuildConfiguration</string>
			<key>name</key>
			<string>Debug</string>
		</dict>
		<key>D5DDCEAD1B430F21007B8E3E</key>
		<dict>
			<key>baseConfigurationReference</key>
			<string>1E0A05D00306112B07A1AAEA</string>
			<key>buildSettings</key>
			<dict>
				<key>INFOPLIST_FILE</key>
				<string>UnderdarkTests/Info.plist</string>
				<key>LD_RUNPATH_SEARCH_PATHS</key>
				<string>$(inherited) @executable_path/Frameworks @loader_path/Frameworks</string>
				<key>PRODUCT_BUNDLE_IDENTIFIER</key>
				<string>io.underdark.$(PRODUCT_NAME:rfc1034identifier)</string>
				<key>PRODUCT_NAME</key>
				<string>$(TARGET_NAME)</string>
			</dict>
			<key>isa</key>
			<string>XCBuildConfiguration</string>
			<key>name</key>
			<string>Release</string>
		</dict>
		<key>D5DDCEBB1B431257007B8E3E</key>
		<dict>
			<key>children</key>
			<array/>
			<key>isa</key>
			<string>PBXGroup</string>
			<key>path</key>
			<string>Libraries</string>
			<key>sourceTree</key>
			<string>&lt;group&gt;</string>
		</dict>
		<key>DB5439547293491E288D9B18</key>
		<dict>
			<key>includeInIndex</key>
			<string>1</string>
			<key>isa</key>
			<string>PBXFileReference</string>
			<key>lastKnownFileType</key>
			<string>text.xcconfig</string>
			<key>name</key>
			<string>Pods.debug.xcconfig</string>
			<key>path</key>
			<string>Pods/Target Support Files/Pods/Pods.debug.xcconfig</string>
			<key>sourceTree</key>
			<string>&lt;group&gt;</string>
		</dict>
		<key>EA3E80C195227F465C8A9E1C</key>
		<dict>
			<key>children</key>
			<array>
				<string>DB5439547293491E288D9B18</string>
				<string>1E0A05D00306112B07A1AAEA</string>
			</array>
			<key>isa</key>
			<string>PBXGroup</string>
			<key>name</key>
			<string>Pods</string>
			<key>sourceTree</key>
			<string>&lt;group&gt;</string>
		</dict>
		<key>F1FCBAC4CA5D41198528A219</key>
		<dict>
			<key>children</key>
			<array>
				<string>97D28A8456AAC4A69166A95F</string>
			</array>
			<key>isa</key>
			<string>PBXGroup</string>
			<key>name</key>
			<string>Frameworks</string>
			<key>sourceTree</key>
			<string>&lt;group&gt;</string>
		</dict>
	</dict>
	<key>rootObject</key>
	<string>D5DDCE891B430F21007B8E3E</string>
</dict>
</plist>
